// !$*UTF8*$!
{
	archiveVersion = 1;
	classes = {
	};
	objectVersion = 50;
	objects = {

/* Begin PBXBuildFile section */
		290ACA1422A6BB4900A9F238 /* JXDropListView.swift in Sources */ = {isa = PBXBuildFile; fileRef = 290ACA1322A6BB4900A9F238 /* JXDropListView.swift */; };
		290ACA1622A8036B00A9F238 /* VIPScanViewController.swift in Sources */ = {isa = PBXBuildFile; fileRef = 290ACA1522A8036B00A9F238 /* VIPScanViewController.swift */; };
		290ACA1A22A8C67900A9F238 /* VIPQuotesVM.swift in Sources */ = {isa = PBXBuildFile; fileRef = 290ACA1922A8C67900A9F238 /* VIPQuotesVM.swift */; };
		290ACA1C22A8C73300A9F238 /* VIPQuotesModel.swift in Sources */ = {isa = PBXBuildFile; fileRef = 290ACA1B22A8C73300A9F238 /* VIPQuotesModel.swift */; };
		290ACA1E22A8F5A300A9F238 /* JXSelectView.swift in Sources */ = {isa = PBXBuildFile; fileRef = 290ACA1D22A8F5A300A9F238 /* JXSelectView.swift */; };
		290ACA2122AA1C7800A9F238 /* VIPExchangeListCell.swift in Sources */ = {isa = PBXBuildFile; fileRef = 290ACA1F22AA1C7800A9F238 /* VIPExchangeListCell.swift */; };
		290ACA2222AA1C7800A9F238 /* VIPExchangeListCell.xib in Resources */ = {isa = PBXBuildFile; fileRef = 290ACA2022AA1C7800A9F238 /* VIPExchangeListCell.xib */; };
		290ACA4222ACCE9100A9F238 /* VIPLanguageAlertController.swift in Sources */ = {isa = PBXBuildFile; fileRef = 290ACA4122ACCE9100A9F238 /* VIPLanguageAlertController.swift */; };
		290ACA4322ACFD2C00A9F238 /* Login.storyboard in Resources */ = {isa = PBXBuildFile; fileRef = 290ACA4522ACFD2C00A9F238 /* Login.storyboard */; };
		290ACA4B22AE4C4B00A9F238 /* JXXBarView.swift in Sources */ = {isa = PBXBuildFile; fileRef = 290ACA4A22AE4C4B00A9F238 /* JXXBarView.swift */; };
		2944D8A9229FB92B00C31FAA /* VIPFinancialAccountController.swift in Sources */ = {isa = PBXBuildFile; fileRef = 2944D8A8229FB92B00C31FAA /* VIPFinancialAccountController.swift */; };
		2944D8B5229FBA2200C31FAA /* VIPFinancialAccountHeadCell.swift in Sources */ = {isa = PBXBuildFile; fileRef = 2944D8B3229FBA2200C31FAA /* VIPFinancialAccountHeadCell.swift */; };
		2944D8B6229FBA2200C31FAA /* VIPFinancialAccountHeadCell.xib in Resources */ = {isa = PBXBuildFile; fileRef = 2944D8B4229FBA2200C31FAA /* VIPFinancialAccountHeadCell.xib */; };
		2944D8B9229FBA3600C31FAA /* VIPFinancialAccountListCell.swift in Sources */ = {isa = PBXBuildFile; fileRef = 2944D8B7229FBA3600C31FAA /* VIPFinancialAccountListCell.swift */; };
		2944D8BA229FBA3600C31FAA /* VIPFinancialAccountListCell.xib in Resources */ = {isa = PBXBuildFile; fileRef = 2944D8B8229FBA3600C31FAA /* VIPFinancialAccountListCell.xib */; };
		2944D8C3229FDFA900C31FAA /* VIPQuotesListCell.swift in Sources */ = {isa = PBXBuildFile; fileRef = 2944D8C1229FDFA900C31FAA /* VIPQuotesListCell.swift */; };
		2944D8C4229FDFA900C31FAA /* VIPQuotesListCell.xib in Resources */ = {isa = PBXBuildFile; fileRef = 2944D8C2229FDFA900C31FAA /* VIPQuotesListCell.xib */; };
		2944D8C6229FDFB700C31FAA /* Quotes.storyboard in Resources */ = {isa = PBXBuildFile; fileRef = 2944D8C5229FDFB700C31FAA /* Quotes.storyboard */; };
		2944D8C8229FF09F00C31FAA /* VIPExRecordsViewController.swift in Sources */ = {isa = PBXBuildFile; fileRef = 2944D8C7229FF09F00C31FAA /* VIPExRecordsViewController.swift */; };
		2944D8CA229FF8F300C31FAA /* VIPExRecordsDetailController.swift in Sources */ = {isa = PBXBuildFile; fileRef = 2944D8C9229FF8F300C31FAA /* VIPExRecordsDetailController.swift */; };
		2944D8CF22A13EFC00C31FAA /* VIPFinancialAlertController.swift in Sources */ = {isa = PBXBuildFile; fileRef = 2944D8CE22A13EFC00C31FAA /* VIPFinancialAlertController.swift */; };
		2944D8E322A2C4EE00C31FAA /* JXNetworkError.swift in Sources */ = {isa = PBXBuildFile; fileRef = 2944D8DF22A2C4EE00C31FAA /* JXNetworkError.swift */; };
		2944D8E422A2C4EE00C31FAA /* JXNetworkManager.swift in Sources */ = {isa = PBXBuildFile; fileRef = 2944D8E022A2C4EE00C31FAA /* JXNetworkManager.swift */; };
		2944D8E522A2C4EE00C31FAA /* JXRequest.swift in Sources */ = {isa = PBXBuildFile; fileRef = 2944D8E122A2C4EE00C31FAA /* JXRequest.swift */; };
		2944D8E622A2C4EE00C31FAA /* JXBaseRequest.swift in Sources */ = {isa = PBXBuildFile; fileRef = 2944D8E222A2C4EE00C31FAA /* JXBaseRequest.swift */; };
		2944D8EA22A2C82400C31FAA /* VIPLoginRegisterVM.swift in Sources */ = {isa = PBXBuildFile; fileRef = 2944D8E922A2C82400C31FAA /* VIPLoginRegisterVM.swift */; };
		2944D8EC22A2C8B400C31FAA /* ApiEnum.swift in Sources */ = {isa = PBXBuildFile; fileRef = 2944D8EB22A2C8B400C31FAA /* ApiEnum.swift */; };
		2944D8EE22A2C93000C31FAA /* ProjectHeader.swift in Sources */ = {isa = PBXBuildFile; fileRef = 2944D8ED22A2C93000C31FAA /* ProjectHeader.swift */; };
		2944D8F022A2CCB200C31FAA /* UserManager.swift in Sources */ = {isa = PBXBuildFile; fileRef = 2944D8EF22A2CCB200C31FAA /* UserManager.swift */; };
		2944D8F222A2D77B00C31FAA /* VIPHomeVM.swift in Sources */ = {isa = PBXBuildFile; fileRef = 2944D8F122A2D77B00C31FAA /* VIPHomeVM.swift */; };
		2944D8F522A3E94900C31FAA /* VIPHomeModel.swift in Sources */ = {isa = PBXBuildFile; fileRef = 2944D8F422A3E94900C31FAA /* VIPHomeModel.swift */; };
		2944D8F722A3EECE00C31FAA /* ViewManager.swift in Sources */ = {isa = PBXBuildFile; fileRef = 2944D8F622A3EECE00C31FAA /* ViewManager.swift */; };
		2944D8F922A3FC6300C31FAA /* VIPPropertyVM.swift in Sources */ = {isa = PBXBuildFile; fileRef = 2944D8F822A3FC6300C31FAA /* VIPPropertyVM.swift */; };
		2944D8FB22A3FCA300C31FAA /* VIPPropertyModel.swift in Sources */ = {isa = PBXBuildFile; fileRef = 2944D8FA22A3FCA300C31FAA /* VIPPropertyModel.swift */; };
		2944D8FE22A4057C00C31FAA /* VIPNoticeModel.swift in Sources */ = {isa = PBXBuildFile; fileRef = 2944D8FD22A4057C00C31FAA /* VIPNoticeModel.swift */; };
		2944D90022A4071900C31FAA /* VIPNotificationVM.swift in Sources */ = {isa = PBXBuildFile; fileRef = 2944D8FF22A4071900C31FAA /* VIPNotificationVM.swift */; };
		2944D90222A40A1400C31FAA /* VIPFeedBackVM.swift in Sources */ = {isa = PBXBuildFile; fileRef = 2944D90122A40A1400C31FAA /* VIPFeedBackVM.swift */; };
		2944D90422A50F3200C31FAA /* VIPFinancialRecordsController.swift in Sources */ = {isa = PBXBuildFile; fileRef = 2944D90322A50F3200C31FAA /* VIPFinancialRecordsController.swift */; };
		2944D90722A51E5F00C31FAA /* VIPFinancialRecordsCell.swift in Sources */ = {isa = PBXBuildFile; fileRef = 2944D90522A51E5F00C31FAA /* VIPFinancialRecordsCell.swift */; };
		2944D90822A51E5F00C31FAA /* VIPFinancialRecordsCell.xib in Resources */ = {isa = PBXBuildFile; fileRef = 2944D90622A51E5F00C31FAA /* VIPFinancialRecordsCell.xib */; };
		2944D90A22A52C7B00C31FAA /* VIPFinancialRecordsAlertController.swift in Sources */ = {isa = PBXBuildFile; fileRef = 2944D90922A52C7B00C31FAA /* VIPFinancialRecordsAlertController.swift */; };
		2944D90C22A5345F00C31FAA /* VIPSafetyVM.swift in Sources */ = {isa = PBXBuildFile; fileRef = 2944D90B22A5345F00C31FAA /* VIPSafetyVM.swift */; };
		2944D90F22A621E100C31FAA /* VIPCommunityHeadCell.swift in Sources */ = {isa = PBXBuildFile; fileRef = 2944D90D22A621E100C31FAA /* VIPCommunityHeadCell.swift */; };
		2944D91022A621E100C31FAA /* VIPCommunityHeadCell.xib in Resources */ = {isa = PBXBuildFile; fileRef = 2944D90E22A621E100C31FAA /* VIPCommunityHeadCell.xib */; };
		2944D91322A631FD00C31FAA /* VIPCommunityListCell.swift in Sources */ = {isa = PBXBuildFile; fileRef = 2944D91122A631FD00C31FAA /* VIPCommunityListCell.swift */; };
		2944D91422A631FD00C31FAA /* VIPCommunityListCell.xib in Resources */ = {isa = PBXBuildFile; fileRef = 2944D91222A631FD00C31FAA /* VIPCommunityListCell.xib */; };
		2944D91622A6599B00C31FAA /* VIPCommunityViewController.swift in Sources */ = {isa = PBXBuildFile; fileRef = 2944D91522A6599B00C31FAA /* VIPCommunityViewController.swift */; };
		2944D91922A6733100C31FAA /* VIPFinancialListCell.swift in Sources */ = {isa = PBXBuildFile; fileRef = 2944D91722A6733100C31FAA /* VIPFinancialListCell.swift */; };
		2944D91A22A6733100C31FAA /* VIPFinancialListCell.xib in Resources */ = {isa = PBXBuildFile; fileRef = 2944D91822A6733100C31FAA /* VIPFinancialListCell.xib */; };
		2944D91E22A67C2300C31FAA /* VIPFinancialModel.swift in Sources */ = {isa = PBXBuildFile; fileRef = 2944D91D22A67C2300C31FAA /* VIPFinancialModel.swift */; };
		2944D92022A67C3C00C31FAA /* VIPFinancialVM.swift in Sources */ = {isa = PBXBuildFile; fileRef = 2944D91F22A67C3C00C31FAA /* VIPFinancialVM.swift */; };
		296AD0A722AE7EAD005E4ED8 /* VIPProRecordsContorller.swift in Sources */ = {isa = PBXBuildFile; fileRef = 296AD0A622AE7EAD005E4ED8 /* VIPProRecordsContorller.swift */; };
		296AD0AA22AF96B7005E4ED8 /* VIPFindHeadCell.swift in Sources */ = {isa = PBXBuildFile; fileRef = 296AD0A822AF96B7005E4ED8 /* VIPFindHeadCell.swift */; };
		296AD0AB22AF96B7005E4ED8 /* VIPFindHeadCell.xib in Resources */ = {isa = PBXBuildFile; fileRef = 296AD0A922AF96B7005E4ED8 /* VIPFindHeadCell.xib */; };
		296AD0AD22AFDCF5005E4ED8 /* VIPPromotionModel.swift in Sources */ = {isa = PBXBuildFile; fileRef = 296AD0AC22AFDCF5005E4ED8 /* VIPPromotionModel.swift */; };
		296AD0AF22AFDD92005E4ED8 /* VIPPromotionVM.swift in Sources */ = {isa = PBXBuildFile; fileRef = 296AD0AE22AFDD92005E4ED8 /* VIPPromotionVM.swift */; };
		296AD0B122AFEAF7005E4ED8 /* VIPCommunityModel.swift in Sources */ = {isa = PBXBuildFile; fileRef = 296AD0B022AFEAF7005E4ED8 /* VIPCommunityModel.swift */; };
		296AD0B322AFEC04005E4ED8 /* VIPIncomeModel.swift in Sources */ = {isa = PBXBuildFile; fileRef = 296AD0B222AFEC04005E4ED8 /* VIPIncomeModel.swift */; };
		296AD0B522AFED59005E4ED8 /* VIPCommunityVM.swift in Sources */ = {isa = PBXBuildFile; fileRef = 296AD0B422AFED59005E4ED8 /* VIPCommunityVM.swift */; };
		296AD0B722AFED8B005E4ED8 /* VIPIncomeVM.swift in Sources */ = {isa = PBXBuildFile; fileRef = 296AD0B622AFED8B005E4ED8 /* VIPIncomeVM.swift */; };
		296AD0B922B0DC0D005E4ED8 /* VIPIncomeViewController.swift in Sources */ = {isa = PBXBuildFile; fileRef = 296AD0B822B0DC0D005E4ED8 /* VIPIncomeViewController.swift */; };
		296AD0BB22B0E65D005E4ED8 /* VIPIncomeRecordsController.swift in Sources */ = {isa = PBXBuildFile; fileRef = 296AD0BA22B0E65D005E4ED8 /* VIPIncomeRecordsController.swift */; };
		296AD0BE22B0E681005E4ED8 /* VIPIncomRecordsCell.swift in Sources */ = {isa = PBXBuildFile; fileRef = 296AD0BC22B0E681005E4ED8 /* VIPIncomRecordsCell.swift */; };
		296AD0BF22B0E681005E4ED8 /* VIPIncomRecordsCell.xib in Resources */ = {isa = PBXBuildFile; fileRef = 296AD0BD22B0E681005E4ED8 /* VIPIncomRecordsCell.xib */; };
		296AD0C122B0FB0C005E4ED8 /* VIPWebViewController.swift in Sources */ = {isa = PBXBuildFile; fileRef = 296AD0C022B0FB0C005E4ED8 /* VIPWebViewController.swift */; };
		296AD0C922B14AC3005E4ED8 /* VIPMyVM.swift in Sources */ = {isa = PBXBuildFile; fileRef = 296AD0C822B14AC3005E4ED8 /* VIPMyVM.swift */; };
		296AD0CB22B14AF6005E4ED8 /* VIPMyModel.swift in Sources */ = {isa = PBXBuildFile; fileRef = 296AD0CA22B14AF6005E4ED8 /* VIPMyModel.swift */; };
		296AD0CD22B23411005E4ED8 /* VIPFindModel.swift in Sources */ = {isa = PBXBuildFile; fileRef = 296AD0CC22B23411005E4ED8 /* VIPFindModel.swift */; };
		296AD0CF22B23481005E4ED8 /* VIPFindVM.swift in Sources */ = {isa = PBXBuildFile; fileRef = 296AD0CE22B23481005E4ED8 /* VIPFindVM.swift */; };
		296AD0D122B25AFC005E4ED8 /* VIPNotificationTextController.swift in Sources */ = {isa = PBXBuildFile; fileRef = 296AD0D022B25AFC005E4ED8 /* VIPNotificationTextController.swift */; };
		296AD0D922B26D17005E4ED8 /* Pods_VIP.framework in Frameworks */ = {isa = PBXBuildFile; fileRef = A8F8CC149733B2D946F6C078 /* Pods_VIP.framework */; };
		2987BC7D229D9A6B004CD778 /* VIPSettingViewController.swift in Sources */ = {isa = PBXBuildFile; fileRef = 2987BC7C229D9A6B004CD778 /* VIPSettingViewController.swift */; };
		29981B67229BCAAD00BD2FDC /* AppDelegate.swift in Sources */ = {isa = PBXBuildFile; fileRef = 29981B66229BCAAD00BD2FDC /* AppDelegate.swift */; };
		29981B69229BCAAD00BD2FDC /* ViewController.swift in Sources */ = {isa = PBXBuildFile; fileRef = 29981B68229BCAAD00BD2FDC /* ViewController.swift */; };
		29981B6E229BCAAF00BD2FDC /* Assets.xcassets in Resources */ = {isa = PBXBuildFile; fileRef = 29981B6D229BCAAF00BD2FDC /* Assets.xcassets */; };
		29981B71229BCAAF00BD2FDC /* LaunchScreen.storyboard in Resources */ = {isa = PBXBuildFile; fileRef = 29981B6F229BCAAF00BD2FDC /* LaunchScreen.storyboard */; };
		29981B81229BD76A00BD2FDC /* VIPBaseViewController.swift in Sources */ = {isa = PBXBuildFile; fileRef = 29981B80229BD76A00BD2FDC /* VIPBaseViewController.swift */; };
		29981B83229BD7A200BD2FDC /* VIPTableViewController.swift in Sources */ = {isa = PBXBuildFile; fileRef = 29981B82229BD7A200BD2FDC /* VIPTableViewController.swift */; };
		29981B85229BD7F600BD2FDC /* VIPBaseModel.swift in Sources */ = {isa = PBXBuildFile; fileRef = 29981B84229BD7F500BD2FDC /* VIPBaseModel.swift */; };
		29981B8A229BDE3000BD2FDC /* VIPHomeViewController.swift in Sources */ = {isa = PBXBuildFile; fileRef = 29981B89229BDE3000BD2FDC /* VIPHomeViewController.swift */; };
		29981B8C229BDE3E00BD2FDC /* VIPFindViewController.swift in Sources */ = {isa = PBXBuildFile; fileRef = 29981B8B229BDE3E00BD2FDC /* VIPFindViewController.swift */; };
		29981B8E229BDE5100BD2FDC /* VIPQuotesViewController.swift in Sources */ = {isa = PBXBuildFile; fileRef = 29981B8D229BDE5100BD2FDC /* VIPQuotesViewController.swift */; };
		29981B90229BDE6000BD2FDC /* VIPMyViewController.swift in Sources */ = {isa = PBXBuildFile; fileRef = 29981B8F229BDE6000BD2FDC /* VIPMyViewController.swift */; };
		29981B92229BE39000BD2FDC /* VIPTabBarViewController.swift in Sources */ = {isa = PBXBuildFile; fileRef = 29981B91229BE39000BD2FDC /* VIPTabBarViewController.swift */; };
		29981B94229BE4C100BD2FDC /* ConfigurationHeader.swift in Sources */ = {isa = PBXBuildFile; fileRef = 29981B93229BE4C100BD2FDC /* ConfigurationHeader.swift */; };
		29981B9A229C147B00BD2FDC /* VIPHomeHeaderCell.swift in Sources */ = {isa = PBXBuildFile; fileRef = 29981B98229C147B00BD2FDC /* VIPHomeHeaderCell.swift */; };
		29981B9B229C147B00BD2FDC /* VIPHomeHeaderCell.xib in Resources */ = {isa = PBXBuildFile; fileRef = 29981B99229C147B00BD2FDC /* VIPHomeHeaderCell.xib */; };
		29981B9E229C149600BD2FDC /* VIPHomeCell.swift in Sources */ = {isa = PBXBuildFile; fileRef = 29981B9C229C149600BD2FDC /* VIPHomeCell.swift */; };
		29981B9F229C149600BD2FDC /* VIPHomeCell.xib in Resources */ = {isa = PBXBuildFile; fileRef = 29981B9D229C149600BD2FDC /* VIPHomeCell.xib */; };
		29981BA2229CEDF800BD2FDC /* VIPPropertyViewController.swift in Sources */ = {isa = PBXBuildFile; fileRef = 29981BA1229CEDF800BD2FDC /* VIPPropertyViewController.swift */; };
		29981BA4229D173900BD2FDC /* VIPCollectionViewController.swift in Sources */ = {isa = PBXBuildFile; fileRef = 29981BA3229D173900BD2FDC /* VIPCollectionViewController.swift */; };
		29981BA7229D17C900BD2FDC /* VIPBuyVM.swift in Sources */ = {isa = PBXBuildFile; fileRef = 29981BA6229D17C900BD2FDC /* VIPBuyVM.swift */; };
		29981BAB229D2A9B00BD2FDC /* VIPPropertyCell.swift in Sources */ = {isa = PBXBuildFile; fileRef = 29981BA9229D2A9B00BD2FDC /* VIPPropertyCell.swift */; };
		29981BAC229D2A9B00BD2FDC /* VIPPropertyCell.xib in Resources */ = {isa = PBXBuildFile; fileRef = 29981BAA229D2A9B00BD2FDC /* VIPPropertyCell.xib */; };
		29981BAE229D477100BD2FDC /* Home.storyboard in Resources */ = {isa = PBXBuildFile; fileRef = 29981BAD229D477100BD2FDC /* Home.storyboard */; };
		29981BB2229D4C2500BD2FDC /* VIPReceiptViewController.swift in Sources */ = {isa = PBXBuildFile; fileRef = 29981BB1229D4C2500BD2FDC /* VIPReceiptViewController.swift */; };
		29981BB4229D4C3500BD2FDC /* VIPTransferViewController.swift in Sources */ = {isa = PBXBuildFile; fileRef = 29981BB3229D4C3500BD2FDC /* VIPTransferViewController.swift */; };
		29981BB6229D4C4600BD2FDC /* VIPExchangeViewController.swift in Sources */ = {isa = PBXBuildFile; fileRef = 29981BB5229D4C4600BD2FDC /* VIPExchangeViewController.swift */; };
		29981BB8229D678300BD2FDC /* VIPNavigationController.swift in Sources */ = {isa = PBXBuildFile; fileRef = 29981BB7229D678300BD2FDC /* VIPNavigationController.swift */; };
		29981BBA229D792F00BD2FDC /* VIPProDetailViewController.swift in Sources */ = {isa = PBXBuildFile; fileRef = 29981BB9229D792F00BD2FDC /* VIPProDetailViewController.swift */; };
		29981BC0229D839C00BD2FDC /* VIPMyListCell.swift in Sources */ = {isa = PBXBuildFile; fileRef = 29981BBE229D839C00BD2FDC /* VIPMyListCell.swift */; };
		29981BC1229D839C00BD2FDC /* VIPMyListCell.xib in Resources */ = {isa = PBXBuildFile; fileRef = 29981BBF229D839C00BD2FDC /* VIPMyListCell.xib */; };
		29981BC4229D877C00BD2FDC /* VIPMyHeadCell.swift in Sources */ = {isa = PBXBuildFile; fileRef = 29981BC2229D877C00BD2FDC /* VIPMyHeadCell.swift */; };
		29981BC5229D877C00BD2FDC /* VIPMyHeadCell.xib in Resources */ = {isa = PBXBuildFile; fileRef = 29981BC3229D877C00BD2FDC /* VIPMyHeadCell.xib */; };
		29981BC7229D98E900BD2FDC /* VIPPromotionViewController.swift in Sources */ = {isa = PBXBuildFile; fileRef = 29981BC6229D98E900BD2FDC /* VIPPromotionViewController.swift */; };
		29981BC9229D991B00BD2FDC /* VIPFeedBackViewController.swift in Sources */ = {isa = PBXBuildFile; fileRef = 29981BC8229D991B00BD2FDC /* VIPFeedBackViewController.swift */; };
		29981BCB229D993400BD2FDC /* VIPAboutUsViewController.swift in Sources */ = {isa = PBXBuildFile; fileRef = 29981BCA229D993400BD2FDC /* VIPAboutUsViewController.swift */; };
		29981BCD229D995400BD2FDC /* VIPExportViewController.swift in Sources */ = {isa = PBXBuildFile; fileRef = 29981BCC229D995400BD2FDC /* VIPExportViewController.swift */; };
		29981BCF229D999100BD2FDC /* VIPBackUpViewController.swift in Sources */ = {isa = PBXBuildFile; fileRef = 29981BCE229D999100BD2FDC /* VIPBackUpViewController.swift */; };
		29981BD1229D99E500BD2FDC /* VIPModifyViewController.swift in Sources */ = {isa = PBXBuildFile; fileRef = 29981BD0229D99E400BD2FDC /* VIPModifyViewController.swift */; };
		29981BD3229D9A0B00BD2FDC /* VIPNotificationViewController.swift in Sources */ = {isa = PBXBuildFile; fileRef = 29981BD2229D9A0B00BD2FDC /* VIPNotificationViewController.swift */; };
		29FC1011229D9E4E00371D68 /* My.storyboard in Resources */ = {isa = PBXBuildFile; fileRef = 29FC1010229D9E4E00371D68 /* My.storyboard */; };
		29FC1013229E39A600371D68 /* VIPSafetyViewController.swift in Sources */ = {isa = PBXBuildFile; fileRef = 29FC1012229E39A600371D68 /* VIPSafetyViewController.swift */; };
		29FC1016229E39DF00371D68 /* VIPSelectCell.swift in Sources */ = {isa = PBXBuildFile; fileRef = 29FC1014229E39DF00371D68 /* VIPSelectCell.swift */; };
		29FC1017229E39DF00371D68 /* VIPSelectCell.xib in Resources */ = {isa = PBXBuildFile; fileRef = 29FC1015229E39DF00371D68 /* VIPSelectCell.xib */; };
		29FC101A229E45FC00371D68 /* VIPNotificationCell.swift in Sources */ = {isa = PBXBuildFile; fileRef = 29FC1018229E45FC00371D68 /* VIPNotificationCell.swift */; };
		29FC101B229E45FC00371D68 /* VIPNotificationCell.xib in Resources */ = {isa = PBXBuildFile; fileRef = 29FC1019229E45FC00371D68 /* VIPNotificationCell.xib */; };
		29FC101E229E71B000371D68 /* VIPLoginViewController.swift in Sources */ = {isa = PBXBuildFile; fileRef = 29FC101D229E71B000371D68 /* VIPLoginViewController.swift */; };
		29FC1020229E71C000371D68 /* VIPRegisterViewController.swift in Sources */ = {isa = PBXBuildFile; fileRef = 29FC101F229E71C000371D68 /* VIPRegisterViewController.swift */; };
		29FC1022229E720900371D68 /* VIPForgetPsdViewController.swift in Sources */ = {isa = PBXBuildFile; fileRef = 29FC1021229E720900371D68 /* VIPForgetPsdViewController.swift */; };
		29FC1026229EB80200371D68 /* VIPLanguageViewController.swift in Sources */ = {isa = PBXBuildFile; fileRef = 29FC1025229EB80200371D68 /* VIPLanguageViewController.swift */; };
		29FC1029229EC01400371D68 /* Main.storyboard in Resources */ = {isa = PBXBuildFile; fileRef = 29FC1027229EC01300371D68 /* Main.storyboard */; };
		29FC102C229EC30500371D68 /* Localizable.strings in Resources */ = {isa = PBXBuildFile; fileRef = 29FC102E229EC30500371D68 /* Localizable.strings */; };
		29FC1033229EC45A00371D68 /* LanguageHeader.swift in Sources */ = {isa = PBXBuildFile; fileRef = 29FC1032229EC45A00371D68 /* LanguageHeader.swift */; };
		29FC1037229FB80100371D68 /* Find.storyboard in Resources */ = {isa = PBXBuildFile; fileRef = 29FC1036229FB80100371D68 /* Find.storyboard */; };
		29FC103A229FB87900371D68 /* VIPFinancialManagementController.swift in Sources */ = {isa = PBXBuildFile; fileRef = 29FC1039229FB87900371D68 /* VIPFinancialManagementController.swift */; };
/* End PBXBuildFile section */

/* Begin PBXFileReference section */
		290ACA1322A6BB4900A9F238 /* JXDropListView.swift */ = {isa = PBXFileReference; fileEncoding = 4; lastKnownFileType = sourcecode.swift; path = JXDropListView.swift; sourceTree = "<group>"; };
		290ACA1522A8036B00A9F238 /* VIPScanViewController.swift */ = {isa = PBXFileReference; fileEncoding = 4; lastKnownFileType = sourcecode.swift; path = VIPScanViewController.swift; sourceTree = "<group>"; };
		290ACA1922A8C67900A9F238 /* VIPQuotesVM.swift */ = {isa = PBXFileReference; lastKnownFileType = sourcecode.swift; path = VIPQuotesVM.swift; sourceTree = "<group>"; };
		290ACA1B22A8C73300A9F238 /* VIPQuotesModel.swift */ = {isa = PBXFileReference; lastKnownFileType = sourcecode.swift; path = VIPQuotesModel.swift; sourceTree = "<group>"; };
		290ACA1D22A8F5A300A9F238 /* JXSelectView.swift */ = {isa = PBXFileReference; fileEncoding = 4; lastKnownFileType = sourcecode.swift; path = JXSelectView.swift; sourceTree = "<group>"; };
		290ACA1F22AA1C7800A9F238 /* VIPExchangeListCell.swift */ = {isa = PBXFileReference; lastKnownFileType = sourcecode.swift; path = VIPExchangeListCell.swift; sourceTree = "<group>"; };
		290ACA2022AA1C7800A9F238 /* VIPExchangeListCell.xib */ = {isa = PBXFileReference; lastKnownFileType = file.xib; path = VIPExchangeListCell.xib; sourceTree = "<group>"; };
		290ACA4122ACCE9100A9F238 /* VIPLanguageAlertController.swift */ = {isa = PBXFileReference; lastKnownFileType = sourcecode.swift; path = VIPLanguageAlertController.swift; sourceTree = "<group>"; };
		290ACA4422ACFD2C00A9F238 /* Base */ = {isa = PBXFileReference; lastKnownFileType = file.storyboard; name = Base; path = Base.lproj/Login.storyboard; sourceTree = "<group>"; };
		290ACA4722ACFD3800A9F238 /* en */ = {isa = PBXFileReference; lastKnownFileType = text.plist.strings; name = en; path = en.lproj/Login.strings; sourceTree = "<group>"; };
		290ACA4922ACFD4600A9F238 /* zh-Hans */ = {isa = PBXFileReference; lastKnownFileType = text.plist.strings; name = "zh-Hans"; path = "zh-Hans.lproj/Login.strings"; sourceTree = "<group>"; };
		290ACA4A22AE4C4B00A9F238 /* JXXBarView.swift */ = {isa = PBXFileReference; fileEncoding = 4; lastKnownFileType = sourcecode.swift; path = JXXBarView.swift; sourceTree = "<group>"; };
		2944D8A8229FB92B00C31FAA /* VIPFinancialAccountController.swift */ = {isa = PBXFileReference; lastKnownFileType = sourcecode.swift; path = VIPFinancialAccountController.swift; sourceTree = "<group>"; };
		2944D8B3229FBA2200C31FAA /* VIPFinancialAccountHeadCell.swift */ = {isa = PBXFileReference; lastKnownFileType = sourcecode.swift; path = VIPFinancialAccountHeadCell.swift; sourceTree = "<group>"; };
		2944D8B4229FBA2200C31FAA /* VIPFinancialAccountHeadCell.xib */ = {isa = PBXFileReference; lastKnownFileType = file.xib; path = VIPFinancialAccountHeadCell.xib; sourceTree = "<group>"; };
		2944D8B7229FBA3600C31FAA /* VIPFinancialAccountListCell.swift */ = {isa = PBXFileReference; lastKnownFileType = sourcecode.swift; path = VIPFinancialAccountListCell.swift; sourceTree = "<group>"; };
		2944D8B8229FBA3600C31FAA /* VIPFinancialAccountListCell.xib */ = {isa = PBXFileReference; lastKnownFileType = file.xib; path = VIPFinancialAccountListCell.xib; sourceTree = "<group>"; };
		2944D8C1229FDFA900C31FAA /* VIPQuotesListCell.swift */ = {isa = PBXFileReference; lastKnownFileType = sourcecode.swift; path = VIPQuotesListCell.swift; sourceTree = "<group>"; };
		2944D8C2229FDFA900C31FAA /* VIPQuotesListCell.xib */ = {isa = PBXFileReference; lastKnownFileType = file.xib; path = VIPQuotesListCell.xib; sourceTree = "<group>"; };
		2944D8C5229FDFB700C31FAA /* Quotes.storyboard */ = {isa = PBXFileReference; lastKnownFileType = file.storyboard; path = Quotes.storyboard; sourceTree = "<group>"; };
		2944D8C7229FF09F00C31FAA /* VIPExRecordsViewController.swift */ = {isa = PBXFileReference; lastKnownFileType = sourcecode.swift; path = VIPExRecordsViewController.swift; sourceTree = "<group>"; };
		2944D8C9229FF8F300C31FAA /* VIPExRecordsDetailController.swift */ = {isa = PBXFileReference; lastKnownFileType = sourcecode.swift; path = VIPExRecordsDetailController.swift; sourceTree = "<group>"; };
		2944D8CE22A13EFC00C31FAA /* VIPFinancialAlertController.swift */ = {isa = PBXFileReference; lastKnownFileType = sourcecode.swift; path = VIPFinancialAlertController.swift; sourceTree = "<group>"; };
		2944D8DF22A2C4EE00C31FAA /* JXNetworkError.swift */ = {isa = PBXFileReference; fileEncoding = 4; lastKnownFileType = sourcecode.swift; path = JXNetworkError.swift; sourceTree = "<group>"; };
		2944D8E022A2C4EE00C31FAA /* JXNetworkManager.swift */ = {isa = PBXFileReference; fileEncoding = 4; lastKnownFileType = sourcecode.swift; path = JXNetworkManager.swift; sourceTree = "<group>"; };
		2944D8E122A2C4EE00C31FAA /* JXRequest.swift */ = {isa = PBXFileReference; fileEncoding = 4; lastKnownFileType = sourcecode.swift; path = JXRequest.swift; sourceTree = "<group>"; };
		2944D8E222A2C4EE00C31FAA /* JXBaseRequest.swift */ = {isa = PBXFileReference; fileEncoding = 4; lastKnownFileType = sourcecode.swift; path = JXBaseRequest.swift; sourceTree = "<group>"; };
		2944D8E922A2C82400C31FAA /* VIPLoginRegisterVM.swift */ = {isa = PBXFileReference; lastKnownFileType = sourcecode.swift; path = VIPLoginRegisterVM.swift; sourceTree = "<group>"; };
		2944D8EB22A2C8B400C31FAA /* ApiEnum.swift */ = {isa = PBXFileReference; fileEncoding = 4; lastKnownFileType = sourcecode.swift; path = ApiEnum.swift; sourceTree = "<group>"; };
		2944D8ED22A2C93000C31FAA /* ProjectHeader.swift */ = {isa = PBXFileReference; lastKnownFileType = sourcecode.swift; path = ProjectHeader.swift; sourceTree = "<group>"; };
		2944D8EF22A2CCB200C31FAA /* UserManager.swift */ = {isa = PBXFileReference; fileEncoding = 4; lastKnownFileType = sourcecode.swift; path = UserManager.swift; sourceTree = "<group>"; };
		2944D8F122A2D77B00C31FAA /* VIPHomeVM.swift */ = {isa = PBXFileReference; lastKnownFileType = sourcecode.swift; path = VIPHomeVM.swift; sourceTree = "<group>"; };
		2944D8F422A3E94900C31FAA /* VIPHomeModel.swift */ = {isa = PBXFileReference; lastKnownFileType = sourcecode.swift; path = VIPHomeModel.swift; sourceTree = "<group>"; };
		2944D8F622A3EECE00C31FAA /* ViewManager.swift */ = {isa = PBXFileReference; fileEncoding = 4; lastKnownFileType = sourcecode.swift; path = ViewManager.swift; sourceTree = "<group>"; };
		2944D8F822A3FC6300C31FAA /* VIPPropertyVM.swift */ = {isa = PBXFileReference; lastKnownFileType = sourcecode.swift; path = VIPPropertyVM.swift; sourceTree = "<group>"; };
		2944D8FA22A3FCA300C31FAA /* VIPPropertyModel.swift */ = {isa = PBXFileReference; lastKnownFileType = sourcecode.swift; path = VIPPropertyModel.swift; sourceTree = "<group>"; };
		2944D8FD22A4057C00C31FAA /* VIPNoticeModel.swift */ = {isa = PBXFileReference; lastKnownFileType = sourcecode.swift; path = VIPNoticeModel.swift; sourceTree = "<group>"; };
		2944D8FF22A4071900C31FAA /* VIPNotificationVM.swift */ = {isa = PBXFileReference; lastKnownFileType = sourcecode.swift; path = VIPNotificationVM.swift; sourceTree = "<group>"; };
		2944D90122A40A1400C31FAA /* VIPFeedBackVM.swift */ = {isa = PBXFileReference; lastKnownFileType = sourcecode.swift; path = VIPFeedBackVM.swift; sourceTree = "<group>"; };
		2944D90322A50F3200C31FAA /* VIPFinancialRecordsController.swift */ = {isa = PBXFileReference; lastKnownFileType = sourcecode.swift; path = VIPFinancialRecordsController.swift; sourceTree = "<group>"; };
		2944D90522A51E5F00C31FAA /* VIPFinancialRecordsCell.swift */ = {isa = PBXFileReference; lastKnownFileType = sourcecode.swift; path = VIPFinancialRecordsCell.swift; sourceTree = "<group>"; };
		2944D90622A51E5F00C31FAA /* VIPFinancialRecordsCell.xib */ = {isa = PBXFileReference; lastKnownFileType = file.xib; path = VIPFinancialRecordsCell.xib; sourceTree = "<group>"; };
		2944D90922A52C7B00C31FAA /* VIPFinancialRecordsAlertController.swift */ = {isa = PBXFileReference; lastKnownFileType = sourcecode.swift; path = VIPFinancialRecordsAlertController.swift; sourceTree = "<group>"; };
		2944D90B22A5345F00C31FAA /* VIPSafetyVM.swift */ = {isa = PBXFileReference; lastKnownFileType = sourcecode.swift; path = VIPSafetyVM.swift; sourceTree = "<group>"; };
		2944D90D22A621E100C31FAA /* VIPCommunityHeadCell.swift */ = {isa = PBXFileReference; lastKnownFileType = sourcecode.swift; path = VIPCommunityHeadCell.swift; sourceTree = "<group>"; };
		2944D90E22A621E100C31FAA /* VIPCommunityHeadCell.xib */ = {isa = PBXFileReference; lastKnownFileType = file.xib; path = VIPCommunityHeadCell.xib; sourceTree = "<group>"; };
		2944D91122A631FD00C31FAA /* VIPCommunityListCell.swift */ = {isa = PBXFileReference; lastKnownFileType = sourcecode.swift; path = VIPCommunityListCell.swift; sourceTree = "<group>"; };
		2944D91222A631FD00C31FAA /* VIPCommunityListCell.xib */ = {isa = PBXFileReference; lastKnownFileType = file.xib; path = VIPCommunityListCell.xib; sourceTree = "<group>"; };
		2944D91522A6599B00C31FAA /* VIPCommunityViewController.swift */ = {isa = PBXFileReference; lastKnownFileType = sourcecode.swift; path = VIPCommunityViewController.swift; sourceTree = "<group>"; };
		2944D91722A6733100C31FAA /* VIPFinancialListCell.swift */ = {isa = PBXFileReference; lastKnownFileType = sourcecode.swift; path = VIPFinancialListCell.swift; sourceTree = "<group>"; };
		2944D91822A6733100C31FAA /* VIPFinancialListCell.xib */ = {isa = PBXFileReference; lastKnownFileType = file.xib; path = VIPFinancialListCell.xib; sourceTree = "<group>"; };
		2944D91D22A67C2300C31FAA /* VIPFinancialModel.swift */ = {isa = PBXFileReference; lastKnownFileType = sourcecode.swift; path = VIPFinancialModel.swift; sourceTree = "<group>"; };
		2944D91F22A67C3C00C31FAA /* VIPFinancialVM.swift */ = {isa = PBXFileReference; lastKnownFileType = sourcecode.swift; path = VIPFinancialVM.swift; sourceTree = "<group>"; };
		296AD0A622AE7EAD005E4ED8 /* VIPProRecordsContorller.swift */ = {isa = PBXFileReference; lastKnownFileType = sourcecode.swift; path = VIPProRecordsContorller.swift; sourceTree = "<group>"; };
		296AD0A822AF96B7005E4ED8 /* VIPFindHeadCell.swift */ = {isa = PBXFileReference; lastKnownFileType = sourcecode.swift; path = VIPFindHeadCell.swift; sourceTree = "<group>"; };
		296AD0A922AF96B7005E4ED8 /* VIPFindHeadCell.xib */ = {isa = PBXFileReference; lastKnownFileType = file.xib; path = VIPFindHeadCell.xib; sourceTree = "<group>"; };
		296AD0AC22AFDCF5005E4ED8 /* VIPPromotionModel.swift */ = {isa = PBXFileReference; lastKnownFileType = sourcecode.swift; path = VIPPromotionModel.swift; sourceTree = "<group>"; };
		296AD0AE22AFDD92005E4ED8 /* VIPPromotionVM.swift */ = {isa = PBXFileReference; lastKnownFileType = sourcecode.swift; path = VIPPromotionVM.swift; sourceTree = "<group>"; };
		296AD0B022AFEAF7005E4ED8 /* VIPCommunityModel.swift */ = {isa = PBXFileReference; lastKnownFileType = sourcecode.swift; path = VIPCommunityModel.swift; sourceTree = "<group>"; };
		296AD0B222AFEC04005E4ED8 /* VIPIncomeModel.swift */ = {isa = PBXFileReference; lastKnownFileType = sourcecode.swift; path = VIPIncomeModel.swift; sourceTree = "<group>"; };
		296AD0B422AFED59005E4ED8 /* VIPCommunityVM.swift */ = {isa = PBXFileReference; lastKnownFileType = sourcecode.swift; path = VIPCommunityVM.swift; sourceTree = "<group>"; };
		296AD0B622AFED8B005E4ED8 /* VIPIncomeVM.swift */ = {isa = PBXFileReference; lastKnownFileType = sourcecode.swift; path = VIPIncomeVM.swift; sourceTree = "<group>"; };
		296AD0B822B0DC0D005E4ED8 /* VIPIncomeViewController.swift */ = {isa = PBXFileReference; lastKnownFileType = sourcecode.swift; path = VIPIncomeViewController.swift; sourceTree = "<group>"; };
		296AD0BA22B0E65D005E4ED8 /* VIPIncomeRecordsController.swift */ = {isa = PBXFileReference; lastKnownFileType = sourcecode.swift; path = VIPIncomeRecordsController.swift; sourceTree = "<group>"; };
		296AD0BC22B0E681005E4ED8 /* VIPIncomRecordsCell.swift */ = {isa = PBXFileReference; lastKnownFileType = sourcecode.swift; path = VIPIncomRecordsCell.swift; sourceTree = "<group>"; };
		296AD0BD22B0E681005E4ED8 /* VIPIncomRecordsCell.xib */ = {isa = PBXFileReference; lastKnownFileType = file.xib; path = VIPIncomRecordsCell.xib; sourceTree = "<group>"; };
		296AD0C022B0FB0C005E4ED8 /* VIPWebViewController.swift */ = {isa = PBXFileReference; lastKnownFileType = sourcecode.swift; path = VIPWebViewController.swift; sourceTree = "<group>"; };
		296AD0C822B14AC3005E4ED8 /* VIPMyVM.swift */ = {isa = PBXFileReference; lastKnownFileType = sourcecode.swift; path = VIPMyVM.swift; sourceTree = "<group>"; };
		296AD0CA22B14AF6005E4ED8 /* VIPMyModel.swift */ = {isa = PBXFileReference; lastKnownFileType = sourcecode.swift; path = VIPMyModel.swift; sourceTree = "<group>"; };
		296AD0CC22B23411005E4ED8 /* VIPFindModel.swift */ = {isa = PBXFileReference; lastKnownFileType = sourcecode.swift; path = VIPFindModel.swift; sourceTree = "<group>"; };
		296AD0CE22B23481005E4ED8 /* VIPFindVM.swift */ = {isa = PBXFileReference; lastKnownFileType = sourcecode.swift; path = VIPFindVM.swift; sourceTree = "<group>"; };
		296AD0D022B25AFC005E4ED8 /* VIPNotificationTextController.swift */ = {isa = PBXFileReference; lastKnownFileType = sourcecode.swift; path = VIPNotificationTextController.swift; sourceTree = "<group>"; };
		2987BC7C229D9A6B004CD778 /* VIPSettingViewController.swift */ = {isa = PBXFileReference; lastKnownFileType = sourcecode.swift; path = VIPSettingViewController.swift; sourceTree = "<group>"; };
		29981B63229BCAAD00BD2FDC /* VIP.app */ = {isa = PBXFileReference; explicitFileType = wrapper.application; includeInIndex = 0; path = VIP.app; sourceTree = BUILT_PRODUCTS_DIR; };
		29981B66229BCAAD00BD2FDC /* AppDelegate.swift */ = {isa = PBXFileReference; lastKnownFileType = sourcecode.swift; path = AppDelegate.swift; sourceTree = "<group>"; };
		29981B68229BCAAD00BD2FDC /* ViewController.swift */ = {isa = PBXFileReference; lastKnownFileType = sourcecode.swift; path = ViewController.swift; sourceTree = "<group>"; };
		29981B6D229BCAAF00BD2FDC /* Assets.xcassets */ = {isa = PBXFileReference; lastKnownFileType = folder.assetcatalog; path = Assets.xcassets; sourceTree = "<group>"; };
		29981B70229BCAAF00BD2FDC /* Base */ = {isa = PBXFileReference; lastKnownFileType = file.storyboard; name = Base; path = Base.lproj/LaunchScreen.storyboard; sourceTree = "<group>"; };
		29981B72229BCAAF00BD2FDC /* Info.plist */ = {isa = PBXFileReference; lastKnownFileType = text.plist.xml; path = Info.plist; sourceTree = "<group>"; };
		29981B80229BD76A00BD2FDC /* VIPBaseViewController.swift */ = {isa = PBXFileReference; lastKnownFileType = sourcecode.swift; path = VIPBaseViewController.swift; sourceTree = "<group>"; };
		29981B82229BD7A200BD2FDC /* VIPTableViewController.swift */ = {isa = PBXFileReference; lastKnownFileType = sourcecode.swift; path = VIPTableViewController.swift; sourceTree = "<group>"; };
		29981B84229BD7F500BD2FDC /* VIPBaseModel.swift */ = {isa = PBXFileReference; lastKnownFileType = sourcecode.swift; path = VIPBaseModel.swift; sourceTree = "<group>"; };
		29981B89229BDE3000BD2FDC /* VIPHomeViewController.swift */ = {isa = PBXFileReference; lastKnownFileType = sourcecode.swift; path = VIPHomeViewController.swift; sourceTree = "<group>"; };
		29981B8B229BDE3E00BD2FDC /* VIPFindViewController.swift */ = {isa = PBXFileReference; lastKnownFileType = sourcecode.swift; path = VIPFindViewController.swift; sourceTree = "<group>"; };
		29981B8D229BDE5100BD2FDC /* VIPQuotesViewController.swift */ = {isa = PBXFileReference; lastKnownFileType = sourcecode.swift; path = VIPQuotesViewController.swift; sourceTree = "<group>"; };
		29981B8F229BDE6000BD2FDC /* VIPMyViewController.swift */ = {isa = PBXFileReference; lastKnownFileType = sourcecode.swift; path = VIPMyViewController.swift; sourceTree = "<group>"; };
		29981B91229BE39000BD2FDC /* VIPTabBarViewController.swift */ = {isa = PBXFileReference; fileEncoding = 4; lastKnownFileType = sourcecode.swift; path = VIPTabBarViewController.swift; sourceTree = "<group>"; };
		29981B93229BE4C100BD2FDC /* ConfigurationHeader.swift */ = {isa = PBXFileReference; lastKnownFileType = sourcecode.swift; path = ConfigurationHeader.swift; sourceTree = "<group>"; };
		29981B98229C147B00BD2FDC /* VIPHomeHeaderCell.swift */ = {isa = PBXFileReference; lastKnownFileType = sourcecode.swift; path = VIPHomeHeaderCell.swift; sourceTree = "<group>"; };
		29981B99229C147B00BD2FDC /* VIPHomeHeaderCell.xib */ = {isa = PBXFileReference; lastKnownFileType = file.xib; path = VIPHomeHeaderCell.xib; sourceTree = "<group>"; };
		29981B9C229C149600BD2FDC /* VIPHomeCell.swift */ = {isa = PBXFileReference; lastKnownFileType = sourcecode.swift; path = VIPHomeCell.swift; sourceTree = "<group>"; };
		29981B9D229C149600BD2FDC /* VIPHomeCell.xib */ = {isa = PBXFileReference; lastKnownFileType = file.xib; path = VIPHomeCell.xib; sourceTree = "<group>"; };
		29981BA1229CEDF800BD2FDC /* VIPPropertyViewController.swift */ = {isa = PBXFileReference; lastKnownFileType = sourcecode.swift; path = VIPPropertyViewController.swift; sourceTree = "<group>"; };
		29981BA3229D173900BD2FDC /* VIPCollectionViewController.swift */ = {isa = PBXFileReference; lastKnownFileType = sourcecode.swift; path = VIPCollectionViewController.swift; sourceTree = "<group>"; };
		29981BA6229D17C900BD2FDC /* VIPBuyVM.swift */ = {isa = PBXFileReference; lastKnownFileType = sourcecode.swift; path = VIPBuyVM.swift; sourceTree = "<group>"; };
		29981BA9229D2A9B00BD2FDC /* VIPPropertyCell.swift */ = {isa = PBXFileReference; lastKnownFileType = sourcecode.swift; path = VIPPropertyCell.swift; sourceTree = "<group>"; };
		29981BAA229D2A9B00BD2FDC /* VIPPropertyCell.xib */ = {isa = PBXFileReference; lastKnownFileType = file.xib; path = VIPPropertyCell.xib; sourceTree = "<group>"; };
		29981BAD229D477100BD2FDC /* Home.storyboard */ = {isa = PBXFileReference; lastKnownFileType = file.storyboard; path = Home.storyboard; sourceTree = "<group>"; };
		29981BB1229D4C2500BD2FDC /* VIPReceiptViewController.swift */ = {isa = PBXFileReference; lastKnownFileType = sourcecode.swift; path = VIPReceiptViewController.swift; sourceTree = "<group>"; };
		29981BB3229D4C3500BD2FDC /* VIPTransferViewController.swift */ = {isa = PBXFileReference; lastKnownFileType = sourcecode.swift; path = VIPTransferViewController.swift; sourceTree = "<group>"; };
		29981BB5229D4C4600BD2FDC /* VIPExchangeViewController.swift */ = {isa = PBXFileReference; lastKnownFileType = sourcecode.swift; path = VIPExchangeViewController.swift; sourceTree = "<group>"; };
		29981BB7229D678300BD2FDC /* VIPNavigationController.swift */ = {isa = PBXFileReference; lastKnownFileType = sourcecode.swift; path = VIPNavigationController.swift; sourceTree = "<group>"; };
		29981BB9229D792F00BD2FDC /* VIPProDetailViewController.swift */ = {isa = PBXFileReference; lastKnownFileType = sourcecode.swift; path = VIPProDetailViewController.swift; sourceTree = "<group>"; };
		29981BBE229D839C00BD2FDC /* VIPMyListCell.swift */ = {isa = PBXFileReference; lastKnownFileType = sourcecode.swift; path = VIPMyListCell.swift; sourceTree = "<group>"; };
		29981BBF229D839C00BD2FDC /* VIPMyListCell.xib */ = {isa = PBXFileReference; lastKnownFileType = file.xib; path = VIPMyListCell.xib; sourceTree = "<group>"; };
		29981BC2229D877C00BD2FDC /* VIPMyHeadCell.swift */ = {isa = PBXFileReference; lastKnownFileType = sourcecode.swift; path = VIPMyHeadCell.swift; sourceTree = "<group>"; };
		29981BC3229D877C00BD2FDC /* VIPMyHeadCell.xib */ = {isa = PBXFileReference; lastKnownFileType = file.xib; path = VIPMyHeadCell.xib; sourceTree = "<group>"; };
		29981BC6229D98E900BD2FDC /* VIPPromotionViewController.swift */ = {isa = PBXFileReference; lastKnownFileType = sourcecode.swift; path = VIPPromotionViewController.swift; sourceTree = "<group>"; };
		29981BC8229D991B00BD2FDC /* VIPFeedBackViewController.swift */ = {isa = PBXFileReference; lastKnownFileType = sourcecode.swift; path = VIPFeedBackViewController.swift; sourceTree = "<group>"; };
		29981BCA229D993400BD2FDC /* VIPAboutUsViewController.swift */ = {isa = PBXFileReference; lastKnownFileType = sourcecode.swift; path = VIPAboutUsViewController.swift; sourceTree = "<group>"; };
		29981BCC229D995400BD2FDC /* VIPExportViewController.swift */ = {isa = PBXFileReference; lastKnownFileType = sourcecode.swift; path = VIPExportViewController.swift; sourceTree = "<group>"; };
		29981BCE229D999100BD2FDC /* VIPBackUpViewController.swift */ = {isa = PBXFileReference; lastKnownFileType = sourcecode.swift; path = VIPBackUpViewController.swift; sourceTree = "<group>"; };
		29981BD0229D99E400BD2FDC /* VIPModifyViewController.swift */ = {isa = PBXFileReference; lastKnownFileType = sourcecode.swift; path = VIPModifyViewController.swift; sourceTree = "<group>"; };
		29981BD2229D9A0B00BD2FDC /* VIPNotificationViewController.swift */ = {isa = PBXFileReference; lastKnownFileType = sourcecode.swift; path = VIPNotificationViewController.swift; sourceTree = "<group>"; };
		29FC1010229D9E4E00371D68 /* My.storyboard */ = {isa = PBXFileReference; lastKnownFileType = file.storyboard; path = My.storyboard; sourceTree = "<group>"; };
		29FC1012229E39A600371D68 /* VIPSafetyViewController.swift */ = {isa = PBXFileReference; lastKnownFileType = sourcecode.swift; path = VIPSafetyViewController.swift; sourceTree = "<group>"; };
		29FC1014229E39DF00371D68 /* VIPSelectCell.swift */ = {isa = PBXFileReference; lastKnownFileType = sourcecode.swift; path = VIPSelectCell.swift; sourceTree = "<group>"; };
		29FC1015229E39DF00371D68 /* VIPSelectCell.xib */ = {isa = PBXFileReference; lastKnownFileType = file.xib; path = VIPSelectCell.xib; sourceTree = "<group>"; };
		29FC1018229E45FC00371D68 /* VIPNotificationCell.swift */ = {isa = PBXFileReference; lastKnownFileType = sourcecode.swift; path = VIPNotificationCell.swift; sourceTree = "<group>"; };
		29FC1019229E45FC00371D68 /* VIPNotificationCell.xib */ = {isa = PBXFileReference; lastKnownFileType = file.xib; path = VIPNotificationCell.xib; sourceTree = "<group>"; };
		29FC101D229E71B000371D68 /* VIPLoginViewController.swift */ = {isa = PBXFileReference; lastKnownFileType = sourcecode.swift; path = VIPLoginViewController.swift; sourceTree = "<group>"; };
		29FC101F229E71C000371D68 /* VIPRegisterViewController.swift */ = {isa = PBXFileReference; lastKnownFileType = sourcecode.swift; path = VIPRegisterViewController.swift; sourceTree = "<group>"; };
		29FC1021229E720900371D68 /* VIPForgetPsdViewController.swift */ = {isa = PBXFileReference; lastKnownFileType = sourcecode.swift; path = VIPForgetPsdViewController.swift; sourceTree = "<group>"; };
		29FC1025229EB80200371D68 /* VIPLanguageViewController.swift */ = {isa = PBXFileReference; lastKnownFileType = sourcecode.swift; path = VIPLanguageViewController.swift; sourceTree = "<group>"; };
		29FC1028229EC01300371D68 /* Base */ = {isa = PBXFileReference; lastKnownFileType = file.storyboard; name = Base; path = Base.lproj/Main.storyboard; sourceTree = "<group>"; };
		29FC102D229EC30500371D68 /* en */ = {isa = PBXFileReference; lastKnownFileType = text.plist.strings; name = en; path = en.lproj/Localizable.strings; sourceTree = "<group>"; };
		29FC102F229EC37800371D68 /* zh-Hans */ = {isa = PBXFileReference; lastKnownFileType = text.plist.strings; name = "zh-Hans"; path = "zh-Hans.lproj/Main.strings"; sourceTree = "<group>"; };
		29FC1030229EC37800371D68 /* zh-Hans */ = {isa = PBXFileReference; lastKnownFileType = text.plist.strings; name = "zh-Hans"; path = "zh-Hans.lproj/LaunchScreen.strings"; sourceTree = "<group>"; };
		29FC1031229EC37800371D68 /* zh-Hans */ = {isa = PBXFileReference; lastKnownFileType = text.plist.strings; name = "zh-Hans"; path = "zh-Hans.lproj/Localizable.strings"; sourceTree = "<group>"; };
		29FC1032229EC45A00371D68 /* LanguageHeader.swift */ = {isa = PBXFileReference; lastKnownFileType = sourcecode.swift; path = LanguageHeader.swift; sourceTree = "<group>"; };
		29FC1035229EC82000371D68 /* en */ = {isa = PBXFileReference; lastKnownFileType = text.plist.strings; name = en; path = en.lproj/Main.strings; sourceTree = "<group>"; };
		29FC1036229FB80100371D68 /* Find.storyboard */ = {isa = PBXFileReference; lastKnownFileType = file.storyboard; path = Find.storyboard; sourceTree = "<group>"; };
		29FC1039229FB87900371D68 /* VIPFinancialManagementController.swift */ = {isa = PBXFileReference; lastKnownFileType = sourcecode.swift; path = VIPFinancialManagementController.swift; sourceTree = "<group>"; };
		2BB14488727041BD8427E829 /* Pods-VIP.debug.xcconfig */ = {isa = PBXFileReference; includeInIndex = 1; lastKnownFileType = text.xcconfig; name = "Pods-VIP.debug.xcconfig"; path = "Target Support Files/Pods-VIP/Pods-VIP.debug.xcconfig"; sourceTree = "<group>"; };
		A8F8CC149733B2D946F6C078 /* Pods_VIP.framework */ = {isa = PBXFileReference; explicitFileType = wrapper.framework; includeInIndex = 0; path = Pods_VIP.framework; sourceTree = BUILT_PRODUCTS_DIR; };
		D318FF69CE9DE617810868A0 /* Pods-VIP.release.xcconfig */ = {isa = PBXFileReference; includeInIndex = 1; lastKnownFileType = text.xcconfig; name = "Pods-VIP.release.xcconfig"; path = "Target Support Files/Pods-VIP/Pods-VIP.release.xcconfig"; sourceTree = "<group>"; };
/* End PBXFileReference section */

/* Begin PBXFrameworksBuildPhase section */
		29981B60229BCAAD00BD2FDC /* Frameworks */ = {
			isa = PBXFrameworksBuildPhase;
			buildActionMask = 2147483647;
			files = (
				296AD0D922B26D17005E4ED8 /* Pods_VIP.framework in Frameworks */,
			);
			runOnlyForDeploymentPostprocessing = 0;
		};
/* End PBXFrameworksBuildPhase section */

/* Begin PBXGroup section */
		290ACA1722A8C64700A9F238 /* ViewModel */ = {
			isa = PBXGroup;
			children = (
				290ACA1922A8C67900A9F238 /* VIPQuotesVM.swift */,
			);
			path = ViewModel;
			sourceTree = "<group>";
		};
		290ACA1822A8C65A00A9F238 /* Model */ = {
			isa = PBXGroup;
			children = (
				290ACA1B22A8C73300A9F238 /* VIPQuotesModel.swift */,
			);
			path = Model;
			sourceTree = "<group>";
		};
		2944D8AA229FB9B600C31FAA /* View */ = {
			isa = PBXGroup;
			children = (
				290ACA4A22AE4C4B00A9F238 /* JXXBarView.swift */,
				290ACA1322A6BB4900A9F238 /* JXDropListView.swift */,
				2944D91722A6733100C31FAA /* VIPFinancialListCell.swift */,
				2944D91822A6733100C31FAA /* VIPFinancialListCell.xib */,
				2944D8B3229FBA2200C31FAA /* VIPFinancialAccountHeadCell.swift */,
				2944D8B4229FBA2200C31FAA /* VIPFinancialAccountHeadCell.xib */,
				2944D8B7229FBA3600C31FAA /* VIPFinancialAccountListCell.swift */,
				2944D8B8229FBA3600C31FAA /* VIPFinancialAccountListCell.xib */,
				2944D90522A51E5F00C31FAA /* VIPFinancialRecordsCell.swift */,
				2944D90622A51E5F00C31FAA /* VIPFinancialRecordsCell.xib */,
				296AD0A822AF96B7005E4ED8 /* VIPFindHeadCell.swift */,
				296AD0A922AF96B7005E4ED8 /* VIPFindHeadCell.xib */,
			);
			path = View;
			sourceTree = "<group>";
		};
		2944D8BF229FDF8800C31FAA /* ViewController */ = {
			isa = PBXGroup;
			children = (
			);
			path = ViewController;
			sourceTree = "<group>";
		};
		2944D8C0229FDF9500C31FAA /* View */ = {
			isa = PBXGroup;
			children = (
				2944D8C1229FDFA900C31FAA /* VIPQuotesListCell.swift */,
				2944D8C2229FDFA900C31FAA /* VIPQuotesListCell.xib */,
			);
			path = View;
			sourceTree = "<group>";
		};
		2944D8E722A2C7AC00C31FAA /* ViewModel */ = {
			isa = PBXGroup;
			children = (
				2944D8E922A2C82400C31FAA /* VIPLoginRegisterVM.swift */,
			);
			path = ViewModel;
			sourceTree = "<group>";
		};
		2944D8E822A2C7BA00C31FAA /* ViewController */ = {
			isa = PBXGroup;
			children = (
				29FC101D229E71B000371D68 /* VIPLoginViewController.swift */,
				29FC101F229E71C000371D68 /* VIPRegisterViewController.swift */,
				29FC1021229E720900371D68 /* VIPForgetPsdViewController.swift */,
				290ACA4122ACCE9100A9F238 /* VIPLanguageAlertController.swift */,
			);
			path = ViewController;
			sourceTree = "<group>";
		};
		2944D8F322A3E93100C31FAA /* Model */ = {
			isa = PBXGroup;
			children = (
				2944D8F422A3E94900C31FAA /* VIPHomeModel.swift */,
				2944D8FA22A3FCA300C31FAA /* VIPPropertyModel.swift */,
			);
			path = Model;
			sourceTree = "<group>";
		};
		2944D8FC22A4055D00C31FAA /* Model */ = {
			isa = PBXGroup;
			children = (
				2944D8FD22A4057C00C31FAA /* VIPNoticeModel.swift */,
				296AD0AC22AFDCF5005E4ED8 /* VIPPromotionModel.swift */,
				296AD0B022AFEAF7005E4ED8 /* VIPCommunityModel.swift */,
				296AD0B222AFEC04005E4ED8 /* VIPIncomeModel.swift */,
				296AD0CA22B14AF6005E4ED8 /* VIPMyModel.swift */,
			);
			path = Model;
			sourceTree = "<group>";
		};
		2944D91B22A67BA000C31FAA /* ViewModel */ = {
			isa = PBXGroup;
			children = (
				2944D91F22A67C3C00C31FAA /* VIPFinancialVM.swift */,
				296AD0CE22B23481005E4ED8 /* VIPFindVM.swift */,
			);
			path = ViewModel;
			sourceTree = "<group>";
		};
		2944D91C22A67BAB00C31FAA /* Model */ = {
			isa = PBXGroup;
			children = (
				296AD0CC22B23411005E4ED8 /* VIPFindModel.swift */,
				2944D91D22A67C2300C31FAA /* VIPFinancialModel.swift */,
			);
			path = Model;
			sourceTree = "<group>";
		};
		296AD0A522AE7DB3005E4ED8 /* PropertyRecords */ = {
			isa = PBXGroup;
			children = (
				296AD0A622AE7EAD005E4ED8 /* VIPProRecordsContorller.swift */,
			);
			path = PropertyRecords;
			sourceTree = "<group>";
		};
		29981B5A229BCAAD00BD2FDC = {
			isa = PBXGroup;
			children = (
				29981B65229BCAAD00BD2FDC /* VIP */,
				29981B64229BCAAD00BD2FDC /* Products */,
				9278A3ABF33E89F237D93472 /* Pods */,
				F526068C3CB8583C2DE70777 /* Frameworks */,
			);
			sourceTree = "<group>";
		};
		29981B64229BCAAD00BD2FDC /* Products */ = {
			isa = PBXGroup;
			children = (
				29981B63229BCAAD00BD2FDC /* VIP.app */,
			);
			name = Products;
			sourceTree = "<group>";
		};
		29981B65229BCAAD00BD2FDC /* VIP */ = {
			isa = PBXGroup;
			children = (
				29981B7B229BD5A900BD2FDC /* Main */,
				29981B7A229BD59A00BD2FDC /* Network */,
				29981B79229BD58600BD2FDC /* Common */,
				29981B78229BD57600BD2FDC /* Base */,
				29981B66229BCAAD00BD2FDC /* AppDelegate.swift */,
				29981B68229BCAAD00BD2FDC /* ViewController.swift */,
				29FC1027229EC01300371D68 /* Main.storyboard */,
				29981B6D229BCAAF00BD2FDC /* Assets.xcassets */,
				29981B6F229BCAAF00BD2FDC /* LaunchScreen.storyboard */,
				29981B72229BCAAF00BD2FDC /* Info.plist */,
			);
			path = VIP;
			sourceTree = "<group>";
		};
		29981B78229BD57600BD2FDC /* Base */ = {
			isa = PBXGroup;
			children = (
				29981B91229BE39000BD2FDC /* VIPTabBarViewController.swift */,
				29981B80229BD76A00BD2FDC /* VIPBaseViewController.swift */,
				29981B82229BD7A200BD2FDC /* VIPTableViewController.swift */,
				29981BA3229D173900BD2FDC /* VIPCollectionViewController.swift */,
				29981B84229BD7F500BD2FDC /* VIPBaseModel.swift */,
				29981BB7229D678300BD2FDC /* VIPNavigationController.swift */,
				296AD0C022B0FB0C005E4ED8 /* VIPWebViewController.swift */,
			);
			path = Base;
			sourceTree = "<group>";
		};
		29981B79229BD58600BD2FDC /* Common */ = {
			isa = PBXGroup;
			children = (
				2944D8F622A3EECE00C31FAA /* ViewManager.swift */,
				2944D8EF22A2CCB200C31FAA /* UserManager.swift */,
				29981B93229BE4C100BD2FDC /* ConfigurationHeader.swift */,
				29FC1032229EC45A00371D68 /* LanguageHeader.swift */,
				29FC102E229EC30500371D68 /* Localizable.strings */,
				2944D8ED22A2C93000C31FAA /* ProjectHeader.swift */,
			);
			path = Common;
			sourceTree = "<group>";
		};
		29981B7A229BD59A00BD2FDC /* Network */ = {
			isa = PBXGroup;
			children = (
				2944D8E222A2C4EE00C31FAA /* JXBaseRequest.swift */,
				2944D8DF22A2C4EE00C31FAA /* JXNetworkError.swift */,
				2944D8E022A2C4EE00C31FAA /* JXNetworkManager.swift */,
				2944D8E122A2C4EE00C31FAA /* JXRequest.swift */,
				2944D8EB22A2C8B400C31FAA /* ApiEnum.swift */,
			);
			path = Network;
			sourceTree = "<group>";
		};
		29981B7B229BD5A900BD2FDC /* Main */ = {
			isa = PBXGroup;
			children = (
				29FC101C229E717300371D68 /* LoginRegister */,
				29981B7C229BD5C700BD2FDC /* Home */,
				29981B7D229BD5D600BD2FDC /* Find */,
				29981B7F229BD63100BD2FDC /* Quotes */,
				29981B7E229BD5DC00BD2FDC /* My */,
			);
			path = Main;
			sourceTree = "<group>";
		};
		29981B7C229BD5C700BD2FDC /* Home */ = {
			isa = PBXGroup;
			children = (
				2944D8F322A3E93100C31FAA /* Model */,
				29981BA5229D179400BD2FDC /* ViewModel */,
				29981B97229C141700BD2FDC /* ViewController */,
				29981B95229C13FB00BD2FDC /* View */,
				29981B89229BDE3000BD2FDC /* VIPHomeViewController.swift */,
				29981BAD229D477100BD2FDC /* Home.storyboard */,
			);
			path = Home;
			sourceTree = "<group>";
		};
		29981B7D229BD5D600BD2FDC /* Find */ = {
			isa = PBXGroup;
			children = (
				2944D91C22A67BAB00C31FAA /* Model */,
				2944D91B22A67BA000C31FAA /* ViewModel */,
				2944D8AA229FB9B600C31FAA /* View */,
				29FC1038229FB81000371D68 /* ViewController */,
				29981B8B229BDE3E00BD2FDC /* VIPFindViewController.swift */,
				29FC1036229FB80100371D68 /* Find.storyboard */,
			);
			path = Find;
			sourceTree = "<group>";
		};
		29981B7E229BD5DC00BD2FDC /* My */ = {
			isa = PBXGroup;
			children = (
				2944D8FC22A4055D00C31FAA /* Model */,
				29981BBD229D7E5600BD2FDC /* ViewModel */,
				29981BBC229D7E4B00BD2FDC /* ViewController */,
				29981BBB229D7E4600BD2FDC /* View */,
				29981B8F229BDE6000BD2FDC /* VIPMyViewController.swift */,
				29FC1010229D9E4E00371D68 /* My.storyboard */,
			);
			path = My;
			sourceTree = "<group>";
		};
		29981B7F229BD63100BD2FDC /* Quotes */ = {
			isa = PBXGroup;
			children = (
				290ACA1822A8C65A00A9F238 /* Model */,
				290ACA1722A8C64700A9F238 /* ViewModel */,
				2944D8C0229FDF9500C31FAA /* View */,
				2944D8BF229FDF8800C31FAA /* ViewController */,
				29981B8D229BDE5100BD2FDC /* VIPQuotesViewController.swift */,
				2944D8C5229FDFB700C31FAA /* Quotes.storyboard */,
			);
			path = Quotes;
			sourceTree = "<group>";
		};
		29981B95229C13FB00BD2FDC /* View */ = {
			isa = PBXGroup;
			children = (
				290ACA1D22A8F5A300A9F238 /* JXSelectView.swift */,
				29981BA9229D2A9B00BD2FDC /* VIPPropertyCell.swift */,
				29981BAA229D2A9B00BD2FDC /* VIPPropertyCell.xib */,
				29981B98229C147B00BD2FDC /* VIPHomeHeaderCell.swift */,
				29981B99229C147B00BD2FDC /* VIPHomeHeaderCell.xib */,
				29981B9C229C149600BD2FDC /* VIPHomeCell.swift */,
				29981B9D229C149600BD2FDC /* VIPHomeCell.xib */,
				290ACA1F22AA1C7800A9F238 /* VIPExchangeListCell.swift */,
				290ACA2022AA1C7800A9F238 /* VIPExchangeListCell.xib */,
			);
			path = View;
			sourceTree = "<group>";
		};
		29981B97229C141700BD2FDC /* ViewController */ = {
			isa = PBXGroup;
			children = (
				296AD0A522AE7DB3005E4ED8 /* PropertyRecords */,
				29981BA1229CEDF800BD2FDC /* VIPPropertyViewController.swift */,
				29981BB9229D792F00BD2FDC /* VIPProDetailViewController.swift */,
				29981BB1229D4C2500BD2FDC /* VIPReceiptViewController.swift */,
				29981BB3229D4C3500BD2FDC /* VIPTransferViewController.swift */,
				29981BB5229D4C4600BD2FDC /* VIPExchangeViewController.swift */,
				2944D8C7229FF09F00C31FAA /* VIPExRecordsViewController.swift */,
				2944D8C9229FF8F300C31FAA /* VIPExRecordsDetailController.swift */,
				290ACA1522A8036B00A9F238 /* VIPScanViewController.swift */,
			);
			path = ViewController;
			sourceTree = "<group>";
		};
		29981BA5229D179400BD2FDC /* ViewModel */ = {
			isa = PBXGroup;
			children = (
				29981BA6229D17C900BD2FDC /* VIPBuyVM.swift */,
				2944D8F122A2D77B00C31FAA /* VIPHomeVM.swift */,
				2944D8F822A3FC6300C31FAA /* VIPPropertyVM.swift */,
			);
			path = ViewModel;
			sourceTree = "<group>";
		};
		29981BBB229D7E4600BD2FDC /* View */ = {
			isa = PBXGroup;
			children = (
				29981BBE229D839C00BD2FDC /* VIPMyListCell.swift */,
				29981BBF229D839C00BD2FDC /* VIPMyListCell.xib */,
				29981BC2229D877C00BD2FDC /* VIPMyHeadCell.swift */,
				29981BC3229D877C00BD2FDC /* VIPMyHeadCell.xib */,
				29FC1014229E39DF00371D68 /* VIPSelectCell.swift */,
				29FC1015229E39DF00371D68 /* VIPSelectCell.xib */,
				29FC1018229E45FC00371D68 /* VIPNotificationCell.swift */,
				29FC1019229E45FC00371D68 /* VIPNotificationCell.xib */,
				2944D90D22A621E100C31FAA /* VIPCommunityHeadCell.swift */,
				2944D90E22A621E100C31FAA /* VIPCommunityHeadCell.xib */,
				2944D91122A631FD00C31FAA /* VIPCommunityListCell.swift */,
				2944D91222A631FD00C31FAA /* VIPCommunityListCell.xib */,
				296AD0BC22B0E681005E4ED8 /* VIPIncomRecordsCell.swift */,
				296AD0BD22B0E681005E4ED8 /* VIPIncomRecordsCell.xib */,
			);
			path = View;
			sourceTree = "<group>";
		};
		29981BBC229D7E4B00BD2FDC /* ViewController */ = {
			isa = PBXGroup;
			children = (
				29981BC6229D98E900BD2FDC /* VIPPromotionViewController.swift */,
				2944D91522A6599B00C31FAA /* VIPCommunityViewController.swift */,
				296AD0B822B0DC0D005E4ED8 /* VIPIncomeViewController.swift */,
				29981BC8229D991B00BD2FDC /* VIPFeedBackViewController.swift */,
				29981BCA229D993400BD2FDC /* VIPAboutUsViewController.swift */,
				29981BCC229D995400BD2FDC /* VIPExportViewController.swift */,
				29981BD0229D99E400BD2FDC /* VIPModifyViewController.swift */,
				29981BCE229D999100BD2FDC /* VIPBackUpViewController.swift */,
				29981BD2229D9A0B00BD2FDC /* VIPNotificationViewController.swift */,
				2987BC7C229D9A6B004CD778 /* VIPSettingViewController.swift */,
				29FC1012229E39A600371D68 /* VIPSafetyViewController.swift */,
				29FC1025229EB80200371D68 /* VIPLanguageViewController.swift */,
				296AD0BA22B0E65D005E4ED8 /* VIPIncomeRecordsController.swift */,
				296AD0D022B25AFC005E4ED8 /* VIPNotificationTextController.swift */,
			);
			path = ViewController;
			sourceTree = "<group>";
		};
		29981BBD229D7E5600BD2FDC /* ViewModel */ = {
			isa = PBXGroup;
			children = (
				296AD0C822B14AC3005E4ED8 /* VIPMyVM.swift */,
				2944D8FF22A4071900C31FAA /* VIPNotificationVM.swift */,
				2944D90122A40A1400C31FAA /* VIPFeedBackVM.swift */,
				2944D90B22A5345F00C31FAA /* VIPSafetyVM.swift */,
				296AD0AE22AFDD92005E4ED8 /* VIPPromotionVM.swift */,
				296AD0B422AFED59005E4ED8 /* VIPCommunityVM.swift */,
				296AD0B622AFED8B005E4ED8 /* VIPIncomeVM.swift */,
			);
			path = ViewModel;
			sourceTree = "<group>";
		};
		29FC101C229E717300371D68 /* LoginRegister */ = {
			isa = PBXGroup;
			children = (
				2944D8E822A2C7BA00C31FAA /* ViewController */,
				2944D8E722A2C7AC00C31FAA /* ViewModel */,
				290ACA4522ACFD2C00A9F238 /* Login.storyboard */,
			);
			path = LoginRegister;
			sourceTree = "<group>";
		};
		29FC1038229FB81000371D68 /* ViewController */ = {
			isa = PBXGroup;
			children = (
				29FC1039229FB87900371D68 /* VIPFinancialManagementController.swift */,
				2944D8A8229FB92B00C31FAA /* VIPFinancialAccountController.swift */,
				2944D8CE22A13EFC00C31FAA /* VIPFinancialAlertController.swift */,
				2944D90322A50F3200C31FAA /* VIPFinancialRecordsController.swift */,
				2944D90922A52C7B00C31FAA /* VIPFinancialRecordsAlertController.swift */,
			);
			path = ViewController;
			sourceTree = "<group>";
		};
		9278A3ABF33E89F237D93472 /* Pods */ = {
			isa = PBXGroup;
			children = (
				2BB14488727041BD8427E829 /* Pods-VIP.debug.xcconfig */,
				D318FF69CE9DE617810868A0 /* Pods-VIP.release.xcconfig */,
			);
			path = Pods;
			sourceTree = "<group>";
		};
		F526068C3CB8583C2DE70777 /* Frameworks */ = {
			isa = PBXGroup;
			children = (
				A8F8CC149733B2D946F6C078 /* Pods_VIP.framework */,
			);
			name = Frameworks;
			sourceTree = "<group>";
		};
/* End PBXGroup section */

/* Begin PBXNativeTarget section */
		29981B62229BCAAD00BD2FDC /* VIP */ = {
			isa = PBXNativeTarget;
			buildConfigurationList = 29981B75229BCAAF00BD2FDC /* Build configuration list for PBXNativeTarget "VIP" */;
			buildPhases = (
				525B9A8D3F411DACF84AB224 /* [CP] Check Pods Manifest.lock */,
				29981B5F229BCAAD00BD2FDC /* Sources */,
				29981B60229BCAAD00BD2FDC /* Frameworks */,
				29981B61229BCAAD00BD2FDC /* Resources */,
				6D500D13791834BDD86EB462 /* [CP] Embed Pods Frameworks */,
			);
			buildRules = (
			);
			dependencies = (
			);
			name = VIP;
			productName = VIP;
			productReference = 29981B63229BCAAD00BD2FDC /* VIP.app */;
			productType = "com.apple.product-type.application";
		};
/* End PBXNativeTarget section */

/* Begin PBXProject section */
		29981B5B229BCAAD00BD2FDC /* Project object */ = {
			isa = PBXProject;
			attributes = {
				CLASSPREFIX = VIP;
				LastSwiftUpdateCheck = 1020;
				LastUpgradeCheck = 1020;
				ORGANIZATIONNAME = "飞亦";
				TargetAttributes = {
					29981B62229BCAAD00BD2FDC = {
						CreatedOnToolsVersion = 10.2;
					};
				};
			};
			buildConfigurationList = 29981B5E229BCAAD00BD2FDC /* Build configuration list for PBXProject "VIP" */;
			compatibilityVersion = "Xcode 9.3";
			developmentRegion = en;
			hasScannedForEncodings = 0;
			knownRegions = (
				en,
				Base,
				"zh-Hans",
			);
			mainGroup = 29981B5A229BCAAD00BD2FDC;
			productRefGroup = 29981B64229BCAAD00BD2FDC /* Products */;
			projectDirPath = "";
			projectRoot = "";
			targets = (
				29981B62229BCAAD00BD2FDC /* VIP */,
			);
		};
/* End PBXProject section */

/* Begin PBXResourcesBuildPhase section */
		29981B61229BCAAD00BD2FDC /* Resources */ = {
			isa = PBXResourcesBuildPhase;
			buildActionMask = 2147483647;
			files = (
				2944D91A22A6733100C31FAA /* VIPFinancialListCell.xib in Resources */,
				29981BAE229D477100BD2FDC /* Home.storyboard in Resources */,
				29981BC5229D877C00BD2FDC /* VIPMyHeadCell.xib in Resources */,
				29981B71229BCAAF00BD2FDC /* LaunchScreen.storyboard in Resources */,
				2944D91422A631FD00C31FAA /* VIPCommunityListCell.xib in Resources */,
				2944D8BA229FBA3600C31FAA /* VIPFinancialAccountListCell.xib in Resources */,
				290ACA2222AA1C7800A9F238 /* VIPExchangeListCell.xib in Resources */,
				29FC102C229EC30500371D68 /* Localizable.strings in Resources */,
				29981BC1229D839C00BD2FDC /* VIPMyListCell.xib in Resources */,
				29FC1017229E39DF00371D68 /* VIPSelectCell.xib in Resources */,
				29981B6E229BCAAF00BD2FDC /* Assets.xcassets in Resources */,
				29981B9F229C149600BD2FDC /* VIPHomeCell.xib in Resources */,
				29FC1029229EC01400371D68 /* Main.storyboard in Resources */,
				296AD0BF22B0E681005E4ED8 /* VIPIncomRecordsCell.xib in Resources */,
				29981BAC229D2A9B00BD2FDC /* VIPPropertyCell.xib in Resources */,
				2944D91022A621E100C31FAA /* VIPCommunityHeadCell.xib in Resources */,
				2944D8B6229FBA2200C31FAA /* VIPFinancialAccountHeadCell.xib in Resources */,
				29FC1011229D9E4E00371D68 /* My.storyboard in Resources */,
				29FC1037229FB80100371D68 /* Find.storyboard in Resources */,
				296AD0AB22AF96B7005E4ED8 /* VIPFindHeadCell.xib in Resources */,
				29FC101B229E45FC00371D68 /* VIPNotificationCell.xib in Resources */,
				29981B9B229C147B00BD2FDC /* VIPHomeHeaderCell.xib in Resources */,
				2944D8C6229FDFB700C31FAA /* Quotes.storyboard in Resources */,
				2944D8C4229FDFA900C31FAA /* VIPQuotesListCell.xib in Resources */,
				2944D90822A51E5F00C31FAA /* VIPFinancialRecordsCell.xib in Resources */,
				290ACA4322ACFD2C00A9F238 /* Login.storyboard in Resources */,
			);
			runOnlyForDeploymentPostprocessing = 0;
		};
/* End PBXResourcesBuildPhase section */

/* Begin PBXShellScriptBuildPhase section */
		525B9A8D3F411DACF84AB224 /* [CP] Check Pods Manifest.lock */ = {
			isa = PBXShellScriptBuildPhase;
			buildActionMask = 2147483647;
			files = (
			);
			inputFileListPaths = (
			);
			inputPaths = (
				"${PODS_PODFILE_DIR_PATH}/Podfile.lock",
				"${PODS_ROOT}/Manifest.lock",
			);
			name = "[CP] Check Pods Manifest.lock";
			outputFileListPaths = (
			);
			outputPaths = (
				"$(DERIVED_FILE_DIR)/Pods-VIP-checkManifestLockResult.txt",
			);
			runOnlyForDeploymentPostprocessing = 0;
			shellPath = /bin/sh;
			shellScript = "diff \"${PODS_PODFILE_DIR_PATH}/Podfile.lock\" \"${PODS_ROOT}/Manifest.lock\" > /dev/null\nif [ $? != 0 ] ; then\n    # print error to STDERR\n    echo \"error: The sandbox is not in sync with the Podfile.lock. Run 'pod install' or update your CocoaPods installation.\" >&2\n    exit 1\nfi\n# This output is used by Xcode 'outputs' to avoid re-running this script phase.\necho \"SUCCESS\" > \"${SCRIPT_OUTPUT_FILE_0}\"\n";
			showEnvVarsInLog = 0;
		};
		6D500D13791834BDD86EB462 /* [CP] Embed Pods Frameworks */ = {
			isa = PBXShellScriptBuildPhase;
			buildActionMask = 2147483647;
			files = (
			);
			inputFileListPaths = (
			);
			inputPaths = (
				"${PODS_ROOT}/Target Support Files/Pods-VIP/Pods-VIP-frameworks.sh",
				"${BUILT_PRODUCTS_DIR}/AFNetworking/AFNetworking.framework",
				"${BUILT_PRODUCTS_DIR}/FMDB/FMDB.framework",
				"${BUILT_PRODUCTS_DIR}/JXFMDBHelper/JXFMDBHelper.framework",
				"${BUILT_PRODUCTS_DIR}/JXFoundation/JXFoundation.framework",
				"${BUILT_PRODUCTS_DIR}/MBProgressHUD/MBProgressHUD.framework",
				"${BUILT_PRODUCTS_DIR}/MJRefresh/MJRefresh.framework",
				"${BUILT_PRODUCTS_DIR}/SDCycleScrollView/SDCycleScrollView.framework",
				"${BUILT_PRODUCTS_DIR}/SDWebImage/SDWebImage.framework",
			);
			name = "[CP] Embed Pods Frameworks";
			outputFileListPaths = (
			);
			outputPaths = (
				"${TARGET_BUILD_DIR}/${FRAMEWORKS_FOLDER_PATH}/AFNetworking.framework",
				"${TARGET_BUILD_DIR}/${FRAMEWORKS_FOLDER_PATH}/FMDB.framework",
				"${TARGET_BUILD_DIR}/${FRAMEWORKS_FOLDER_PATH}/JXFMDBHelper.framework",
				"${TARGET_BUILD_DIR}/${FRAMEWORKS_FOLDER_PATH}/JXFoundation.framework",
				"${TARGET_BUILD_DIR}/${FRAMEWORKS_FOLDER_PATH}/MBProgressHUD.framework",
				"${TARGET_BUILD_DIR}/${FRAMEWORKS_FOLDER_PATH}/MJRefresh.framework",
				"${TARGET_BUILD_DIR}/${FRAMEWORKS_FOLDER_PATH}/SDCycleScrollView.framework",
				"${TARGET_BUILD_DIR}/${FRAMEWORKS_FOLDER_PATH}/SDWebImage.framework",
			);
			runOnlyForDeploymentPostprocessing = 0;
			shellPath = /bin/sh;
			shellScript = "\"${PODS_ROOT}/Target Support Files/Pods-VIP/Pods-VIP-frameworks.sh\"\n";
			showEnvVarsInLog = 0;
		};
/* End PBXShellScriptBuildPhase section */

/* Begin PBXSourcesBuildPhase section */
		29981B5F229BCAAD00BD2FDC /* Sources */ = {
			isa = PBXSourcesBuildPhase;
			buildActionMask = 2147483647;
			files = (
				296AD0CD22B23411005E4ED8 /* VIPFindModel.swift in Sources */,
				29981BD3229D9A0B00BD2FDC /* VIPNotificationViewController.swift in Sources */,
				2944D8F222A2D77B00C31FAA /* VIPHomeVM.swift in Sources */,
				29981BCD229D995400BD2FDC /* VIPExportViewController.swift in Sources */,
				29FC1022229E720900371D68 /* VIPForgetPsdViewController.swift in Sources */,
				2944D8EE22A2C93000C31FAA /* ProjectHeader.swift in Sources */,
				2944D8EA22A2C82400C31FAA /* VIPLoginRegisterVM.swift in Sources */,
				29981B69229BCAAD00BD2FDC /* ViewController.swift in Sources */,
				29981BAB229D2A9B00BD2FDC /* VIPPropertyCell.swift in Sources */,
				2944D8E522A2C4EE00C31FAA /* JXRequest.swift in Sources */,
				2944D8F722A3EECE00C31FAA /* ViewManager.swift in Sources */,
				2944D8A9229FB92B00C31FAA /* VIPFinancialAccountController.swift in Sources */,
				29FC103A229FB87900371D68 /* VIPFinancialManagementController.swift in Sources */,
				290ACA1C22A8C73300A9F238 /* VIPQuotesModel.swift in Sources */,
				296AD0C122B0FB0C005E4ED8 /* VIPWebViewController.swift in Sources */,
				29981B8C229BDE3E00BD2FDC /* VIPFindViewController.swift in Sources */,
				29FC101A229E45FC00371D68 /* VIPNotificationCell.swift in Sources */,
				2987BC7D229D9A6B004CD778 /* VIPSettingViewController.swift in Sources */,
				2944D8FE22A4057C00C31FAA /* VIPNoticeModel.swift in Sources */,
				296AD0CF22B23481005E4ED8 /* VIPFindVM.swift in Sources */,
				290ACA1422A6BB4900A9F238 /* JXDropListView.swift in Sources */,
				29981BC0229D839C00BD2FDC /* VIPMyListCell.swift in Sources */,
				2944D90A22A52C7B00C31FAA /* VIPFinancialRecordsAlertController.swift in Sources */,
				290ACA1622A8036B00A9F238 /* VIPScanViewController.swift in Sources */,
				2944D91E22A67C2300C31FAA /* VIPFinancialModel.swift in Sources */,
				2944D90C22A5345F00C31FAA /* VIPSafetyVM.swift in Sources */,
				290ACA1A22A8C67900A9F238 /* VIPQuotesVM.swift in Sources */,
				29981B92229BE39000BD2FDC /* VIPTabBarViewController.swift in Sources */,
				29FC1013229E39A600371D68 /* VIPSafetyViewController.swift in Sources */,
				29981B9A229C147B00BD2FDC /* VIPHomeHeaderCell.swift in Sources */,
				296AD0B522AFED59005E4ED8 /* VIPCommunityVM.swift in Sources */,
				290ACA1E22A8F5A300A9F238 /* JXSelectView.swift in Sources */,
				29FC1020229E71C000371D68 /* VIPRegisterViewController.swift in Sources */,
				2944D8E622A2C4EE00C31FAA /* JXBaseRequest.swift in Sources */,
				29981BB2229D4C2500BD2FDC /* VIPReceiptViewController.swift in Sources */,
				296AD0D122B25AFC005E4ED8 /* VIPNotificationTextController.swift in Sources */,
				29981B85229BD7F600BD2FDC /* VIPBaseModel.swift in Sources */,
				29981B83229BD7A200BD2FDC /* VIPTableViewController.swift in Sources */,
				29FC1016229E39DF00371D68 /* VIPSelectCell.swift in Sources */,
				296AD0B922B0DC0D005E4ED8 /* VIPIncomeViewController.swift in Sources */,
				29FC1026229EB80200371D68 /* VIPLanguageViewController.swift in Sources */,
				2944D92022A67C3C00C31FAA /* VIPFinancialVM.swift in Sources */,
				2944D90422A50F3200C31FAA /* VIPFinancialRecordsController.swift in Sources */,
				2944D8CF22A13EFC00C31FAA /* VIPFinancialAlertController.swift in Sources */,
				296AD0AA22AF96B7005E4ED8 /* VIPFindHeadCell.swift in Sources */,
				29981BD1229D99E500BD2FDC /* VIPModifyViewController.swift in Sources */,
				2944D8EC22A2C8B400C31FAA /* ApiEnum.swift in Sources */,
				29981BBA229D792F00BD2FDC /* VIPProDetailViewController.swift in Sources */,
				2944D91922A6733100C31FAA /* VIPFinancialListCell.swift in Sources */,
				2944D8F922A3FC6300C31FAA /* VIPPropertyVM.swift in Sources */,
				29981B94229BE4C100BD2FDC /* ConfigurationHeader.swift in Sources */,
				29981BB8229D678300BD2FDC /* VIPNavigationController.swift in Sources */,
				296AD0CB22B14AF6005E4ED8 /* VIPMyModel.swift in Sources */,
				2944D91322A631FD00C31FAA /* VIPCommunityListCell.swift in Sources */,
				2944D90F22A621E100C31FAA /* VIPCommunityHeadCell.swift in Sources */,
				2944D90022A4071900C31FAA /* VIPNotificationVM.swift in Sources */,
				2944D8F022A2CCB200C31FAA /* UserManager.swift in Sources */,
				2944D8B5229FBA2200C31FAA /* VIPFinancialAccountHeadCell.swift in Sources */,
				290ACA4B22AE4C4B00A9F238 /* JXXBarView.swift in Sources */,
				296AD0AD22AFDCF5005E4ED8 /* VIPPromotionModel.swift in Sources */,
				2944D90222A40A1400C31FAA /* VIPFeedBackVM.swift in Sources */,
				2944D91622A6599B00C31FAA /* VIPCommunityViewController.swift in Sources */,
				29981BA2229CEDF800BD2FDC /* VIPPropertyViewController.swift in Sources */,
				296AD0BB22B0E65D005E4ED8 /* VIPIncomeRecordsController.swift in Sources */,
				29981B9E229C149600BD2FDC /* VIPHomeCell.swift in Sources */,
				29981BCB229D993400BD2FDC /* VIPAboutUsViewController.swift in Sources */,
				296AD0B322AFEC04005E4ED8 /* VIPIncomeModel.swift in Sources */,
				296AD0B122AFEAF7005E4ED8 /* VIPCommunityModel.swift in Sources */,
				2944D8FB22A3FCA300C31FAA /* VIPPropertyModel.swift in Sources */,
				29FC101E229E71B000371D68 /* VIPLoginViewController.swift in Sources */,
				2944D8CA229FF8F300C31FAA /* VIPExRecordsDetailController.swift in Sources */,
				290ACA4222ACCE9100A9F238 /* VIPLanguageAlertController.swift in Sources */,
				2944D8E322A2C4EE00C31FAA /* JXNetworkError.swift in Sources */,
				2944D8B9229FBA3600C31FAA /* VIPFinancialAccountListCell.swift in Sources */,
				29981BC7229D98E900BD2FDC /* VIPPromotionViewController.swift in Sources */,
				29981BCF229D999100BD2FDC /* VIPBackUpViewController.swift in Sources */,
				29981B90229BDE6000BD2FDC /* VIPMyViewController.swift in Sources */,
				29981BB4229D4C3500BD2FDC /* VIPTransferViewController.swift in Sources */,
				29981BC9229D991B00BD2FDC /* VIPFeedBackViewController.swift in Sources */,
				296AD0C922B14AC3005E4ED8 /* VIPMyVM.swift in Sources */,
				2944D8E422A2C4EE00C31FAA /* JXNetworkManager.swift in Sources */,
				296AD0B722AFED8B005E4ED8 /* VIPIncomeVM.swift in Sources */,
				290ACA2122AA1C7800A9F238 /* VIPExchangeListCell.swift in Sources */,
				29981BA4229D173900BD2FDC /* VIPCollectionViewController.swift in Sources */,
				29981BA7229D17C900BD2FDC /* VIPBuyVM.swift in Sources */,
				29981BB6229D4C4600BD2FDC /* VIPExchangeViewController.swift in Sources */,
				29981B81229BD76A00BD2FDC /* VIPBaseViewController.swift in Sources */,
				29981B67229BCAAD00BD2FDC /* AppDelegate.swift in Sources */,
				29FC1033229EC45A00371D68 /* LanguageHeader.swift in Sources */,
				2944D8F522A3E94900C31FAA /* VIPHomeModel.swift in Sources */,
				29981BC4229D877C00BD2FDC /* VIPMyHeadCell.swift in Sources */,
				296AD0BE22B0E681005E4ED8 /* VIPIncomRecordsCell.swift in Sources */,
				2944D8C8229FF09F00C31FAA /* VIPExRecordsViewController.swift in Sources */,
				296AD0AF22AFDD92005E4ED8 /* VIPPromotionVM.swift in Sources */,
				2944D8C3229FDFA900C31FAA /* VIPQuotesListCell.swift in Sources */,
				29981B8A229BDE3000BD2FDC /* VIPHomeViewController.swift in Sources */,
				2944D90722A51E5F00C31FAA /* VIPFinancialRecordsCell.swift in Sources */,
				296AD0A722AE7EAD005E4ED8 /* VIPProRecordsContorller.swift in Sources */,
				29981B8E229BDE5100BD2FDC /* VIPQuotesViewController.swift in Sources */,
			);
			runOnlyForDeploymentPostprocessing = 0;
		};
/* End PBXSourcesBuildPhase section */

/* Begin PBXVariantGroup section */
		290ACA4522ACFD2C00A9F238 /* Login.storyboard */ = {
			isa = PBXVariantGroup;
			children = (
				290ACA4422ACFD2C00A9F238 /* Base */,
				290ACA4722ACFD3800A9F238 /* en */,
				290ACA4922ACFD4600A9F238 /* zh-Hans */,
			);
			name = Login.storyboard;
			sourceTree = "<group>";
		};
		29981B6F229BCAAF00BD2FDC /* LaunchScreen.storyboard */ = {
			isa = PBXVariantGroup;
			children = (
				29981B70229BCAAF00BD2FDC /* Base */,
				29FC1030229EC37800371D68 /* zh-Hans */,
			);
			name = LaunchScreen.storyboard;
			sourceTree = "<group>";
		};
		29FC1027229EC01300371D68 /* Main.storyboard */ = {
			isa = PBXVariantGroup;
			children = (
				29FC1028229EC01300371D68 /* Base */,
				29FC102F229EC37800371D68 /* zh-Hans */,
				29FC1035229EC82000371D68 /* en */,
			);
			name = Main.storyboard;
			sourceTree = "<group>";
		};
		29FC102E229EC30500371D68 /* Localizable.strings */ = {
			isa = PBXVariantGroup;
			children = (
				29FC102D229EC30500371D68 /* en */,
				29FC1031229EC37800371D68 /* zh-Hans */,
			);
			name = Localizable.strings;
			sourceTree = "<group>";
		};
/* End PBXVariantGroup section */

/* Begin XCBuildConfiguration section */
		29981B73229BCAAF00BD2FDC /* Debug */ = {
			isa = XCBuildConfiguration;
			buildSettings = {
				ALWAYS_SEARCH_USER_PATHS = NO;
				CLANG_ANALYZER_LOCALIZABILITY_NONLOCALIZED = YES;
				CLANG_ANALYZER_NONNULL = YES;
				CLANG_ANALYZER_NUMBER_OBJECT_CONVERSION = YES_AGGRESSIVE;
				CLANG_CXX_LANGUAGE_STANDARD = "gnu++14";
				CLANG_CXX_LIBRARY = "libc++";
				CLANG_ENABLE_MODULES = YES;
				CLANG_ENABLE_OBJC_ARC = YES;
				CLANG_ENABLE_OBJC_WEAK = YES;
				CLANG_WARN_BLOCK_CAPTURE_AUTORELEASING = YES;
				CLANG_WARN_BOOL_CONVERSION = YES;
				CLANG_WARN_COMMA = YES;
				CLANG_WARN_CONSTANT_CONVERSION = YES;
				CLANG_WARN_DEPRECATED_OBJC_IMPLEMENTATIONS = YES;
				CLANG_WARN_DIRECT_OBJC_ISA_USAGE = YES_ERROR;
				CLANG_WARN_DOCUMENTATION_COMMENTS = YES;
				CLANG_WARN_EMPTY_BODY = YES;
				CLANG_WARN_ENUM_CONVERSION = YES;
				CLANG_WARN_INFINITE_RECURSION = YES;
				CLANG_WARN_INT_CONVERSION = YES;
				CLANG_WARN_NON_LITERAL_NULL_CONVERSION = YES;
				CLANG_WARN_OBJC_IMPLICIT_RETAIN_SELF = YES;
				CLANG_WARN_OBJC_LITERAL_CONVERSION = YES;
				CLANG_WARN_OBJC_ROOT_CLASS = YES_ERROR;
				CLANG_WARN_RANGE_LOOP_ANALYSIS = YES;
				CLANG_WARN_STRICT_PROTOTYPES = YES;
				CLANG_WARN_SUSPICIOUS_MOVE = YES;
				CLANG_WARN_UNGUARDED_AVAILABILITY = YES_AGGRESSIVE;
				CLANG_WARN_UNREACHABLE_CODE = YES;
				CLANG_WARN__DUPLICATE_METHOD_MATCH = YES;
				CODE_SIGN_IDENTITY = "iPhone Developer";
				COPY_PHASE_STRIP = NO;
				DEBUG_INFORMATION_FORMAT = dwarf;
				ENABLE_STRICT_OBJC_MSGSEND = YES;
				ENABLE_TESTABILITY = YES;
				GCC_C_LANGUAGE_STANDARD = gnu11;
				GCC_DYNAMIC_NO_PIC = NO;
				GCC_NO_COMMON_BLOCKS = YES;
				GCC_OPTIMIZATION_LEVEL = 0;
				GCC_PREPROCESSOR_DEFINITIONS = (
					"DEBUG=1",
					"$(inherited)",
				);
				GCC_WARN_64_TO_32_BIT_CONVERSION = YES;
				GCC_WARN_ABOUT_RETURN_TYPE = YES_ERROR;
				GCC_WARN_UNDECLARED_SELECTOR = YES;
				GCC_WARN_UNINITIALIZED_AUTOS = YES_AGGRESSIVE;
				GCC_WARN_UNUSED_FUNCTION = YES;
				GCC_WARN_UNUSED_VARIABLE = YES;
				IPHONEOS_DEPLOYMENT_TARGET = 12.2;
				MTL_ENABLE_DEBUG_INFO = INCLUDE_SOURCE;
				MTL_FAST_MATH = YES;
				ONLY_ACTIVE_ARCH = YES;
				SDKROOT = iphoneos;
				SWIFT_ACTIVE_COMPILATION_CONDITIONS = DEBUG;
				SWIFT_OPTIMIZATION_LEVEL = "-Onone";
			};
			name = Debug;
		};
		29981B74229BCAAF00BD2FDC /* Release */ = {
			isa = XCBuildConfiguration;
			buildSettings = {
				ALWAYS_SEARCH_USER_PATHS = NO;
				CLANG_ANALYZER_LOCALIZABILITY_NONLOCALIZED = YES;
				CLANG_ANALYZER_NONNULL = YES;
				CLANG_ANALYZER_NUMBER_OBJECT_CONVERSION = YES_AGGRESSIVE;
				CLANG_CXX_LANGUAGE_STANDARD = "gnu++14";
				CLANG_CXX_LIBRARY = "libc++";
				CLANG_ENABLE_MODULES = YES;
				CLANG_ENABLE_OBJC_ARC = YES;
				CLANG_ENABLE_OBJC_WEAK = YES;
				CLANG_WARN_BLOCK_CAPTURE_AUTORELEASING = YES;
				CLANG_WARN_BOOL_CONVERSION = YES;
				CLANG_WARN_COMMA = YES;
				CLANG_WARN_CONSTANT_CONVERSION = YES;
				CLANG_WARN_DEPRECATED_OBJC_IMPLEMENTATIONS = YES;
				CLANG_WARN_DIRECT_OBJC_ISA_USAGE = YES_ERROR;
				CLANG_WARN_DOCUMENTATION_COMMENTS = YES;
				CLANG_WARN_EMPTY_BODY = YES;
				CLANG_WARN_ENUM_CONVERSION = YES;
				CLANG_WARN_INFINITE_RECURSION = YES;
				CLANG_WARN_INT_CONVERSION = YES;
				CLANG_WARN_NON_LITERAL_NULL_CONVERSION = YES;
				CLANG_WARN_OBJC_IMPLICIT_RETAIN_SELF = YES;
				CLANG_WARN_OBJC_LITERAL_CONVERSION = YES;
				CLANG_WARN_OBJC_ROOT_CLASS = YES_ERROR;
				CLANG_WARN_RANGE_LOOP_ANALYSIS = YES;
				CLANG_WARN_STRICT_PROTOTYPES = YES;
				CLANG_WARN_SUSPICIOUS_MOVE = YES;
				CLANG_WARN_UNGUARDED_AVAILABILITY = YES_AGGRESSIVE;
				CLANG_WARN_UNREACHABLE_CODE = YES;
				CLANG_WARN__DUPLICATE_METHOD_MATCH = YES;
				CODE_SIGN_IDENTITY = "iPhone Developer";
				COPY_PHASE_STRIP = NO;
				DEBUG_INFORMATION_FORMAT = "dwarf-with-dsym";
				ENABLE_NS_ASSERTIONS = NO;
				ENABLE_STRICT_OBJC_MSGSEND = YES;
				GCC_C_LANGUAGE_STANDARD = gnu11;
				GCC_NO_COMMON_BLOCKS = YES;
				GCC_WARN_64_TO_32_BIT_CONVERSION = YES;
				GCC_WARN_ABOUT_RETURN_TYPE = YES_ERROR;
				GCC_WARN_UNDECLARED_SELECTOR = YES;
				GCC_WARN_UNINITIALIZED_AUTOS = YES_AGGRESSIVE;
				GCC_WARN_UNUSED_FUNCTION = YES;
				GCC_WARN_UNUSED_VARIABLE = YES;
				IPHONEOS_DEPLOYMENT_TARGET = 12.2;
				MTL_ENABLE_DEBUG_INFO = NO;
				MTL_FAST_MATH = YES;
				SDKROOT = iphoneos;
				SWIFT_COMPILATION_MODE = wholemodule;
				SWIFT_OPTIMIZATION_LEVEL = "-O";
				VALIDATE_PRODUCT = YES;
			};
			name = Release;
		};
		29981B76229BCAAF00BD2FDC /* Debug */ = {
			isa = XCBuildConfiguration;
			baseConfigurationReference = 2BB14488727041BD8427E829 /* Pods-VIP.debug.xcconfig */;
			buildSettings = {
				ASSETCATALOG_COMPILER_APPICON_NAME = AppIcon;
				ASSETCATALOG_COMPILER_LAUNCHIMAGE_NAME = LaunchImage;
				CODE_SIGN_STYLE = Automatic;
				DEVELOPMENT_TEAM = 3K4KLZFARG;
				FRAMEWORK_SEARCH_PATHS = (
					"$(inherited)",
					"$(PROJECT_DIR)",
				);
				INFOPLIST_FILE = VIP/Info.plist;
				IPHONEOS_DEPLOYMENT_TARGET = 9.0;
				LD_RUNPATH_SEARCH_PATHS = (
					"$(inherited)",
					"@executable_path/Frameworks",
				);
				PRODUCT_BUNDLE_IDENTIFIER = com.aisi.delicUserApp;
				PRODUCT_NAME = "$(TARGET_NAME)";
				SWIFT_VERSION = 5.0;
				TARGETED_DEVICE_FAMILY = 1;
			};
			name = Debug;
		};
		29981B77229BCAAF00BD2FDC /* Release */ = {
			isa = XCBuildConfiguration;
			baseConfigurationReference = D318FF69CE9DE617810868A0 /* Pods-VIP.release.xcconfig */;
			buildSettings = {
				ASSETCATALOG_COMPILER_APPICON_NAME = AppIcon;
				ASSETCATALOG_COMPILER_LAUNCHIMAGE_NAME = LaunchImage;
				CODE_SIGN_STYLE = Automatic;
				DEVELOPMENT_TEAM = 3K4KLZFARG;
				FRAMEWORK_SEARCH_PATHS = (
					"$(inherited)",
					"$(PROJECT_DIR)",
				);
				INFOPLIST_FILE = VIP/Info.plist;
				IPHONEOS_DEPLOYMENT_TARGET = 9.0;
				LD_RUNPATH_SEARCH_PATHS = (
					"$(inherited)",
					"@executable_path/Frameworks",
				);
				PRODUCT_BUNDLE_IDENTIFIER = com.aisi.delicUserApp;
				PRODUCT_NAME = "$(TARGET_NAME)";
				SWIFT_VERSION = 5.0;
				TARGETED_DEVICE_FAMILY = 1;
			};
			name = Release;
		};
/* End XCBuildConfiguration section */

/* Begin XCConfigurationList section */
		29981B5E229BCAAD00BD2FDC /* Build configuration list for PBXProject "VIP" */ = {
			isa = XCConfigurationList;
			buildConfigurations = (
				29981B73229BCAAF00BD2FDC /* Debug */,
				29981B74229BCAAF00BD2FDC /* Release */,
			);
			defaultConfigurationIsVisible = 0;
			defaultConfigurationName = Release;
		};
		29981B75229BCAAF00BD2FDC /* Build configuration list for PBXNativeTarget "VIP" */ = {
			isa = XCConfigurationList;
			buildConfigurations = (
				29981B76229BCAAF00BD2FDC /* Debug */,
				29981B77229BCAAF00BD2FDC /* Release */,
			);
			defaultConfigurationIsVisible = 0;
			defaultConfigurationName = Release;
		};
/* End XCConfigurationList section */
	};
	rootObject = 29981B5B229BCAAD00BD2FDC /* Project object */;
}
