// !$*UTF8*$!
{
	archiveVersion = 1;
	classes = {
	};
	objectVersion = 50;
	objects = {

/* Begin PBXBuildFile section */
		2987BC7D229D9A6B004CD778 /* VIPSettingViewController.swift in Sources */ = {isa = PBXBuildFile; fileRef = 2987BC7C229D9A6B004CD778 /* VIPSettingViewController.swift */; };
		29981B67229BCAAD00BD2FDC /* AppDelegate.swift in Sources */ = {isa = PBXBuildFile; fileRef = 29981B66229BCAAD00BD2FDC /* AppDelegate.swift */; };
		29981B69229BCAAD00BD2FDC /* ViewController.swift in Sources */ = {isa = PBXBuildFile; fileRef = 29981B68229BCAAD00BD2FDC /* ViewController.swift */; };
		29981B6E229BCAAF00BD2FDC /* Assets.xcassets in Resources */ = {isa = PBXBuildFile; fileRef = 29981B6D229BCAAF00BD2FDC /* Assets.xcassets */; };
		29981B71229BCAAF00BD2FDC /* LaunchScreen.storyboard in Resources */ = {isa = PBXBuildFile; fileRef = 29981B6F229BCAAF00BD2FDC /* LaunchScreen.storyboard */; };
		29981B81229BD76A00BD2FDC /* VIPBaseViewController.swift in Sources */ = {isa = PBXBuildFile; fileRef = 29981B80229BD76A00BD2FDC /* VIPBaseViewController.swift */; };
		29981B83229BD7A200BD2FDC /* VIPTableViewController.swift in Sources */ = {isa = PBXBuildFile; fileRef = 29981B82229BD7A200BD2FDC /* VIPTableViewController.swift */; };
		29981B85229BD7F600BD2FDC /* VIPBaseModel.swift in Sources */ = {isa = PBXBuildFile; fileRef = 29981B84229BD7F500BD2FDC /* VIPBaseModel.swift */; };
		29981B8A229BDE3000BD2FDC /* VIPHomeViewController.swift in Sources */ = {isa = PBXBuildFile; fileRef = 29981B89229BDE3000BD2FDC /* VIPHomeViewController.swift */; };
		29981B8C229BDE3E00BD2FDC /* VIPFindViewController.swift in Sources */ = {isa = PBXBuildFile; fileRef = 29981B8B229BDE3E00BD2FDC /* VIPFindViewController.swift */; };
		29981B8E229BDE5100BD2FDC /* VIPQuotesViewController.swift in Sources */ = {isa = PBXBuildFile; fileRef = 29981B8D229BDE5100BD2FDC /* VIPQuotesViewController.swift */; };
		29981B90229BDE6000BD2FDC /* VIPMyViewController.swift in Sources */ = {isa = PBXBuildFile; fileRef = 29981B8F229BDE6000BD2FDC /* VIPMyViewController.swift */; };
		29981B92229BE39000BD2FDC /* VIPTabBarViewController.swift in Sources */ = {isa = PBXBuildFile; fileRef = 29981B91229BE39000BD2FDC /* VIPTabBarViewController.swift */; };
		29981B94229BE4C100BD2FDC /* ConfigurationHeader.swift in Sources */ = {isa = PBXBuildFile; fileRef = 29981B93229BE4C100BD2FDC /* ConfigurationHeader.swift */; };
		29981B9A229C147B00BD2FDC /* VIPHomeHeaderCell.swift in Sources */ = {isa = PBXBuildFile; fileRef = 29981B98229C147B00BD2FDC /* VIPHomeHeaderCell.swift */; };
		29981B9B229C147B00BD2FDC /* VIPHomeHeaderCell.xib in Resources */ = {isa = PBXBuildFile; fileRef = 29981B99229C147B00BD2FDC /* VIPHomeHeaderCell.xib */; };
		29981B9E229C149600BD2FDC /* VIPHomeCell.swift in Sources */ = {isa = PBXBuildFile; fileRef = 29981B9C229C149600BD2FDC /* VIPHomeCell.swift */; };
		29981B9F229C149600BD2FDC /* VIPHomeCell.xib in Resources */ = {isa = PBXBuildFile; fileRef = 29981B9D229C149600BD2FDC /* VIPHomeCell.xib */; };
		29981BA2229CEDF800BD2FDC /* VIPPropertyViewController.swift in Sources */ = {isa = PBXBuildFile; fileRef = 29981BA1229CEDF800BD2FDC /* VIPPropertyViewController.swift */; };
		29981BA4229D173900BD2FDC /* VIPCollectionViewController.swift in Sources */ = {isa = PBXBuildFile; fileRef = 29981BA3229D173900BD2FDC /* VIPCollectionViewController.swift */; };
		29981BA7229D17C900BD2FDC /* VIPBuyVM.swift in Sources */ = {isa = PBXBuildFile; fileRef = 29981BA6229D17C900BD2FDC /* VIPBuyVM.swift */; };
		29981BAB229D2A9B00BD2FDC /* VIPPropertyCell.swift in Sources */ = {isa = PBXBuildFile; fileRef = 29981BA9229D2A9B00BD2FDC /* VIPPropertyCell.swift */; };
		29981BAC229D2A9B00BD2FDC /* VIPPropertyCell.xib in Resources */ = {isa = PBXBuildFile; fileRef = 29981BAA229D2A9B00BD2FDC /* VIPPropertyCell.xib */; };
		29981BAE229D477100BD2FDC /* Home.storyboard in Resources */ = {isa = PBXBuildFile; fileRef = 29981BAD229D477100BD2FDC /* Home.storyboard */; };
		29981BB2229D4C2500BD2FDC /* VIPReceiptViewController.swift in Sources */ = {isa = PBXBuildFile; fileRef = 29981BB1229D4C2500BD2FDC /* VIPReceiptViewController.swift */; };
		29981BB4229D4C3500BD2FDC /* VIPTransferViewController.swift in Sources */ = {isa = PBXBuildFile; fileRef = 29981BB3229D4C3500BD2FDC /* VIPTransferViewController.swift */; };
		29981BB6229D4C4600BD2FDC /* VIPExchangeViewController.swift in Sources */ = {isa = PBXBuildFile; fileRef = 29981BB5229D4C4600BD2FDC /* VIPExchangeViewController.swift */; };
		29981BB8229D678300BD2FDC /* VIPNavigationController.swift in Sources */ = {isa = PBXBuildFile; fileRef = 29981BB7229D678300BD2FDC /* VIPNavigationController.swift */; };
		29981BBA229D792F00BD2FDC /* VIPProDetailViewController.swift in Sources */ = {isa = PBXBuildFile; fileRef = 29981BB9229D792F00BD2FDC /* VIPProDetailViewController.swift */; };
		29981BC0229D839C00BD2FDC /* VIPMyListCell.swift in Sources */ = {isa = PBXBuildFile; fileRef = 29981BBE229D839C00BD2FDC /* VIPMyListCell.swift */; };
		29981BC1229D839C00BD2FDC /* VIPMyListCell.xib in Resources */ = {isa = PBXBuildFile; fileRef = 29981BBF229D839C00BD2FDC /* VIPMyListCell.xib */; };
		29981BC4229D877C00BD2FDC /* VIPMyHeadCell.swift in Sources */ = {isa = PBXBuildFile; fileRef = 29981BC2229D877C00BD2FDC /* VIPMyHeadCell.swift */; };
		29981BC5229D877C00BD2FDC /* VIPMyHeadCell.xib in Resources */ = {isa = PBXBuildFile; fileRef = 29981BC3229D877C00BD2FDC /* VIPMyHeadCell.xib */; };
		29981BC7229D98E900BD2FDC /* VIPPromotionViewController.swift in Sources */ = {isa = PBXBuildFile; fileRef = 29981BC6229D98E900BD2FDC /* VIPPromotionViewController.swift */; };
		29981BC9229D991B00BD2FDC /* VIPFeedBackViewController.swift in Sources */ = {isa = PBXBuildFile; fileRef = 29981BC8229D991B00BD2FDC /* VIPFeedBackViewController.swift */; };
		29981BCB229D993400BD2FDC /* VIPAboutUsViewController.swift in Sources */ = {isa = PBXBuildFile; fileRef = 29981BCA229D993400BD2FDC /* VIPAboutUsViewController.swift */; };
		29981BCD229D995400BD2FDC /* VIPExportViewController.swift in Sources */ = {isa = PBXBuildFile; fileRef = 29981BCC229D995400BD2FDC /* VIPExportViewController.swift */; };
		29981BCF229D999100BD2FDC /* VIPBackUpViewController.swift in Sources */ = {isa = PBXBuildFile; fileRef = 29981BCE229D999100BD2FDC /* VIPBackUpViewController.swift */; };
		29981BD1229D99E500BD2FDC /* VIPModifyViewController.swift in Sources */ = {isa = PBXBuildFile; fileRef = 29981BD0229D99E400BD2FDC /* VIPModifyViewController.swift */; };
		29981BD3229D9A0B00BD2FDC /* VIPNotificationViewController.swift in Sources */ = {isa = PBXBuildFile; fileRef = 29981BD2229D9A0B00BD2FDC /* VIPNotificationViewController.swift */; };
		29FC1011229D9E4E00371D68 /* My.storyboard in Resources */ = {isa = PBXBuildFile; fileRef = 29FC1010229D9E4E00371D68 /* My.storyboard */; };
		29FC1013229E39A600371D68 /* VIPSafetyViewController.swift in Sources */ = {isa = PBXBuildFile; fileRef = 29FC1012229E39A600371D68 /* VIPSafetyViewController.swift */; };
		29FC1016229E39DF00371D68 /* VIPSelectCell.swift in Sources */ = {isa = PBXBuildFile; fileRef = 29FC1014229E39DF00371D68 /* VIPSelectCell.swift */; };
		29FC1017229E39DF00371D68 /* VIPSelectCell.xib in Resources */ = {isa = PBXBuildFile; fileRef = 29FC1015229E39DF00371D68 /* VIPSelectCell.xib */; };
		29FC101A229E45FC00371D68 /* VIPNotificationCell.swift in Sources */ = {isa = PBXBuildFile; fileRef = 29FC1018229E45FC00371D68 /* VIPNotificationCell.swift */; };
		29FC101B229E45FC00371D68 /* VIPNotificationCell.xib in Resources */ = {isa = PBXBuildFile; fileRef = 29FC1019229E45FC00371D68 /* VIPNotificationCell.xib */; };
		29FC101E229E71B000371D68 /* VIPLoginViewController.swift in Sources */ = {isa = PBXBuildFile; fileRef = 29FC101D229E71B000371D68 /* VIPLoginViewController.swift */; };
		29FC1020229E71C000371D68 /* VIPRegisterViewController.swift in Sources */ = {isa = PBXBuildFile; fileRef = 29FC101F229E71C000371D68 /* VIPRegisterViewController.swift */; };
		29FC1022229E720900371D68 /* VIPForgetPsdViewController.swift in Sources */ = {isa = PBXBuildFile; fileRef = 29FC1021229E720900371D68 /* VIPForgetPsdViewController.swift */; };
		29FC1024229E722F00371D68 /* Login.storyboard in Resources */ = {isa = PBXBuildFile; fileRef = 29FC1023229E722F00371D68 /* Login.storyboard */; };
		29FC1026229EB80200371D68 /* VIPLanguageViewController.swift in Sources */ = {isa = PBXBuildFile; fileRef = 29FC1025229EB80200371D68 /* VIPLanguageViewController.swift */; };
		29FC1029229EC01400371D68 /* Main.storyboard in Resources */ = {isa = PBXBuildFile; fileRef = 29FC1027229EC01300371D68 /* Main.storyboard */; };
		C53025622846775BB302974B /* Pods_VIP.framework in Frameworks */ = {isa = PBXBuildFile; fileRef = A8F8CC149733B2D946F6C078 /* Pods_VIP.framework */; };
/* End PBXBuildFile section */

/* Begin PBXFileReference section */
		2987BC7C229D9A6B004CD778 /* VIPSettingViewController.swift */ = {isa = PBXFileReference; lastKnownFileType = sourcecode.swift; path = VIPSettingViewController.swift; sourceTree = "<group>"; };
		29981B63229BCAAD00BD2FDC /* VIP.app */ = {isa = PBXFileReference; explicitFileType = wrapper.application; includeInIndex = 0; path = VIP.app; sourceTree = BUILT_PRODUCTS_DIR; };
		29981B66229BCAAD00BD2FDC /* AppDelegate.swift */ = {isa = PBXFileReference; lastKnownFileType = sourcecode.swift; path = AppDelegate.swift; sourceTree = "<group>"; };
		29981B68229BCAAD00BD2FDC /* ViewController.swift */ = {isa = PBXFileReference; lastKnownFileType = sourcecode.swift; path = ViewController.swift; sourceTree = "<group>"; };
		29981B6D229BCAAF00BD2FDC /* Assets.xcassets */ = {isa = PBXFileReference; lastKnownFileType = folder.assetcatalog; path = Assets.xcassets; sourceTree = "<group>"; };
		29981B70229BCAAF00BD2FDC /* Base */ = {isa = PBXFileReference; lastKnownFileType = file.storyboard; name = Base; path = Base.lproj/LaunchScreen.storyboard; sourceTree = "<group>"; };
		29981B72229BCAAF00BD2FDC /* Info.plist */ = {isa = PBXFileReference; lastKnownFileType = text.plist.xml; path = Info.plist; sourceTree = "<group>"; };
		29981B80229BD76A00BD2FDC /* VIPBaseViewController.swift */ = {isa = PBXFileReference; lastKnownFileType = sourcecode.swift; path = VIPBaseViewController.swift; sourceTree = "<group>"; };
		29981B82229BD7A200BD2FDC /* VIPTableViewController.swift */ = {isa = PBXFileReference; lastKnownFileType = sourcecode.swift; path = VIPTableViewController.swift; sourceTree = "<group>"; };
		29981B84229BD7F500BD2FDC /* VIPBaseModel.swift */ = {isa = PBXFileReference; lastKnownFileType = sourcecode.swift; path = VIPBaseModel.swift; sourceTree = "<group>"; };
		29981B89229BDE3000BD2FDC /* VIPHomeViewController.swift */ = {isa = PBXFileReference; lastKnownFileType = sourcecode.swift; path = VIPHomeViewController.swift; sourceTree = "<group>"; };
		29981B8B229BDE3E00BD2FDC /* VIPFindViewController.swift */ = {isa = PBXFileReference; lastKnownFileType = sourcecode.swift; path = VIPFindViewController.swift; sourceTree = "<group>"; };
		29981B8D229BDE5100BD2FDC /* VIPQuotesViewController.swift */ = {isa = PBXFileReference; lastKnownFileType = sourcecode.swift; path = VIPQuotesViewController.swift; sourceTree = "<group>"; };
		29981B8F229BDE6000BD2FDC /* VIPMyViewController.swift */ = {isa = PBXFileReference; lastKnownFileType = sourcecode.swift; path = VIPMyViewController.swift; sourceTree = "<group>"; };
		29981B91229BE39000BD2FDC /* VIPTabBarViewController.swift */ = {isa = PBXFileReference; fileEncoding = 4; lastKnownFileType = sourcecode.swift; path = VIPTabBarViewController.swift; sourceTree = "<group>"; };
		29981B93229BE4C100BD2FDC /* ConfigurationHeader.swift */ = {isa = PBXFileReference; lastKnownFileType = sourcecode.swift; path = ConfigurationHeader.swift; sourceTree = "<group>"; };
		29981B98229C147B00BD2FDC /* VIPHomeHeaderCell.swift */ = {isa = PBXFileReference; lastKnownFileType = sourcecode.swift; path = VIPHomeHeaderCell.swift; sourceTree = "<group>"; };
		29981B99229C147B00BD2FDC /* VIPHomeHeaderCell.xib */ = {isa = PBXFileReference; lastKnownFileType = file.xib; path = VIPHomeHeaderCell.xib; sourceTree = "<group>"; };
		29981B9C229C149600BD2FDC /* VIPHomeCell.swift */ = {isa = PBXFileReference; lastKnownFileType = sourcecode.swift; path = VIPHomeCell.swift; sourceTree = "<group>"; };
		29981B9D229C149600BD2FDC /* VIPHomeCell.xib */ = {isa = PBXFileReference; lastKnownFileType = file.xib; path = VIPHomeCell.xib; sourceTree = "<group>"; };
		29981BA1229CEDF800BD2FDC /* VIPPropertyViewController.swift */ = {isa = PBXFileReference; lastKnownFileType = sourcecode.swift; path = VIPPropertyViewController.swift; sourceTree = "<group>"; };
		29981BA3229D173900BD2FDC /* VIPCollectionViewController.swift */ = {isa = PBXFileReference; lastKnownFileType = sourcecode.swift; path = VIPCollectionViewController.swift; sourceTree = "<group>"; };
		29981BA6229D17C900BD2FDC /* VIPBuyVM.swift */ = {isa = PBXFileReference; lastKnownFileType = sourcecode.swift; path = VIPBuyVM.swift; sourceTree = "<group>"; };
		29981BA9229D2A9B00BD2FDC /* VIPPropertyCell.swift */ = {isa = PBXFileReference; lastKnownFileType = sourcecode.swift; path = VIPPropertyCell.swift; sourceTree = "<group>"; };
		29981BAA229D2A9B00BD2FDC /* VIPPropertyCell.xib */ = {isa = PBXFileReference; lastKnownFileType = file.xib; path = VIPPropertyCell.xib; sourceTree = "<group>"; };
		29981BAD229D477100BD2FDC /* Home.storyboard */ = {isa = PBXFileReference; lastKnownFileType = file.storyboard; path = Home.storyboard; sourceTree = "<group>"; };
		29981BB1229D4C2500BD2FDC /* VIPReceiptViewController.swift */ = {isa = PBXFileReference; lastKnownFileType = sourcecode.swift; path = VIPReceiptViewController.swift; sourceTree = "<group>"; };
		29981BB3229D4C3500BD2FDC /* VIPTransferViewController.swift */ = {isa = PBXFileReference; lastKnownFileType = sourcecode.swift; path = VIPTransferViewController.swift; sourceTree = "<group>"; };
		29981BB5229D4C4600BD2FDC /* VIPExchangeViewController.swift */ = {isa = PBXFileReference; lastKnownFileType = sourcecode.swift; path = VIPExchangeViewController.swift; sourceTree = "<group>"; };
		29981BB7229D678300BD2FDC /* VIPNavigationController.swift */ = {isa = PBXFileReference; lastKnownFileType = sourcecode.swift; path = VIPNavigationController.swift; sourceTree = "<group>"; };
		29981BB9229D792F00BD2FDC /* VIPProDetailViewController.swift */ = {isa = PBXFileReference; lastKnownFileType = sourcecode.swift; path = VIPProDetailViewController.swift; sourceTree = "<group>"; };
		29981BBE229D839C00BD2FDC /* VIPMyListCell.swift */ = {isa = PBXFileReference; lastKnownFileType = sourcecode.swift; path = VIPMyListCell.swift; sourceTree = "<group>"; };
		29981BBF229D839C00BD2FDC /* VIPMyListCell.xib */ = {isa = PBXFileReference; lastKnownFileType = file.xib; path = VIPMyListCell.xib; sourceTree = "<group>"; };
		29981BC2229D877C00BD2FDC /* VIPMyHeadCell.swift */ = {isa = PBXFileReference; lastKnownFileType = sourcecode.swift; path = VIPMyHeadCell.swift; sourceTree = "<group>"; };
		29981BC3229D877C00BD2FDC /* VIPMyHeadCell.xib */ = {isa = PBXFileReference; lastKnownFileType = file.xib; path = VIPMyHeadCell.xib; sourceTree = "<group>"; };
		29981BC6229D98E900BD2FDC /* VIPPromotionViewController.swift */ = {isa = PBXFileReference; lastKnownFileType = sourcecode.swift; path = VIPPromotionViewController.swift; sourceTree = "<group>"; };
		29981BC8229D991B00BD2FDC /* VIPFeedBackViewController.swift */ = {isa = PBXFileReference; lastKnownFileType = sourcecode.swift; path = VIPFeedBackViewController.swift; sourceTree = "<group>"; };
		29981BCA229D993400BD2FDC /* VIPAboutUsViewController.swift */ = {isa = PBXFileReference; lastKnownFileType = sourcecode.swift; path = VIPAboutUsViewController.swift; sourceTree = "<group>"; };
		29981BCC229D995400BD2FDC /* VIPExportViewController.swift */ = {isa = PBXFileReference; lastKnownFileType = sourcecode.swift; path = VIPExportViewController.swift; sourceTree = "<group>"; };
		29981BCE229D999100BD2FDC /* VIPBackUpViewController.swift */ = {isa = PBXFileReference; lastKnownFileType = sourcecode.swift; path = VIPBackUpViewController.swift; sourceTree = "<group>"; };
		29981BD0229D99E400BD2FDC /* VIPModifyViewController.swift */ = {isa = PBXFileReference; lastKnownFileType = sourcecode.swift; path = VIPModifyViewController.swift; sourceTree = "<group>"; };
		29981BD2229D9A0B00BD2FDC /* VIPNotificationViewController.swift */ = {isa = PBXFileReference; lastKnownFileType = sourcecode.swift; path = VIPNotificationViewController.swift; sourceTree = "<group>"; };
		29FC1010229D9E4E00371D68 /* My.storyboard */ = {isa = PBXFileReference; lastKnownFileType = file.storyboard; path = My.storyboard; sourceTree = "<group>"; };
		29FC1012229E39A600371D68 /* VIPSafetyViewController.swift */ = {isa = PBXFileReference; lastKnownFileType = sourcecode.swift; path = VIPSafetyViewController.swift; sourceTree = "<group>"; };
		29FC1014229E39DF00371D68 /* VIPSelectCell.swift */ = {isa = PBXFileReference; lastKnownFileType = sourcecode.swift; path = VIPSelectCell.swift; sourceTree = "<group>"; };
		29FC1015229E39DF00371D68 /* VIPSelectCell.xib */ = {isa = PBXFileReference; lastKnownFileType = file.xib; path = VIPSelectCell.xib; sourceTree = "<group>"; };
		29FC1018229E45FC00371D68 /* VIPNotificationCell.swift */ = {isa = PBXFileReference; lastKnownFileType = sourcecode.swift; path = VIPNotificationCell.swift; sourceTree = "<group>"; };
		29FC1019229E45FC00371D68 /* VIPNotificationCell.xib */ = {isa = PBXFileReference; lastKnownFileType = file.xib; path = VIPNotificationCell.xib; sourceTree = "<group>"; };
		29FC101D229E71B000371D68 /* VIPLoginViewController.swift */ = {isa = PBXFileReference; lastKnownFileType = sourcecode.swift; path = VIPLoginViewController.swift; sourceTree = "<group>"; };
		29FC101F229E71C000371D68 /* VIPRegisterViewController.swift */ = {isa = PBXFileReference; lastKnownFileType = sourcecode.swift; path = VIPRegisterViewController.swift; sourceTree = "<group>"; };
		29FC1021229E720900371D68 /* VIPForgetPsdViewController.swift */ = {isa = PBXFileReference; lastKnownFileType = sourcecode.swift; path = VIPForgetPsdViewController.swift; sourceTree = "<group>"; };
		29FC1023229E722F00371D68 /* Login.storyboard */ = {isa = PBXFileReference; lastKnownFileType = file.storyboard; path = Login.storyboard; sourceTree = "<group>"; };
		29FC1025229EB80200371D68 /* VIPLanguageViewController.swift */ = {isa = PBXFileReference; lastKnownFileType = sourcecode.swift; path = VIPLanguageViewController.swift; sourceTree = "<group>"; };
		29FC1028229EC01300371D68 /* Base */ = {isa = PBXFileReference; lastKnownFileType = file.storyboard; name = Base; path = Base.lproj/Main.storyboard; sourceTree = "<group>"; };
		2BB14488727041BD8427E829 /* Pods-VIP.debug.xcconfig */ = {isa = PBXFileReference; includeInIndex = 1; lastKnownFileType = text.xcconfig; name = "Pods-VIP.debug.xcconfig"; path = "Target Support Files/Pods-VIP/Pods-VIP.debug.xcconfig"; sourceTree = "<group>"; };
		A8F8CC149733B2D946F6C078 /* Pods_VIP.framework */ = {isa = PBXFileReference; explicitFileType = wrapper.framework; includeInIndex = 0; path = Pods_VIP.framework; sourceTree = BUILT_PRODUCTS_DIR; };
		D318FF69CE9DE617810868A0 /* Pods-VIP.release.xcconfig */ = {isa = PBXFileReference; includeInIndex = 1; lastKnownFileType = text.xcconfig; name = "Pods-VIP.release.xcconfig"; path = "Target Support Files/Pods-VIP/Pods-VIP.release.xcconfig"; sourceTree = "<group>"; };
/* End PBXFileReference section */

/* Begin PBXFrameworksBuildPhase section */
		29981B60229BCAAD00BD2FDC /* Frameworks */ = {
			isa = PBXFrameworksBuildPhase;
			buildActionMask = 2147483647;
			files = (
				C53025622846775BB302974B /* Pods_VIP.framework in Frameworks */,
			);
			runOnlyForDeploymentPostprocessing = 0;
		};
/* End PBXFrameworksBuildPhase section */

/* Begin PBXGroup section */
		29981B5A229BCAAD00BD2FDC = {
			isa = PBXGroup;
			children = (
				29981B65229BCAAD00BD2FDC /* VIP */,
				29981B64229BCAAD00BD2FDC /* Products */,
				9278A3ABF33E89F237D93472 /* Pods */,
				F526068C3CB8583C2DE70777 /* Frameworks */,
			);
			sourceTree = "<group>";
		};
		29981B64229BCAAD00BD2FDC /* Products */ = {
			isa = PBXGroup;
			children = (
				29981B63229BCAAD00BD2FDC /* VIP.app */,
			);
			name = Products;
			sourceTree = "<group>";
		};
		29981B65229BCAAD00BD2FDC /* VIP */ = {
			isa = PBXGroup;
			children = (
				29981B7B229BD5A900BD2FDC /* Main */,
				29981B7A229BD59A00BD2FDC /* Network */,
				29981B79229BD58600BD2FDC /* Common */,
				29981B78229BD57600BD2FDC /* Base */,
				29981B66229BCAAD00BD2FDC /* AppDelegate.swift */,
				29981B68229BCAAD00BD2FDC /* ViewController.swift */,
				29FC1027229EC01300371D68 /* Main.storyboard */,
				29981B6D229BCAAF00BD2FDC /* Assets.xcassets */,
				29981B6F229BCAAF00BD2FDC /* LaunchScreen.storyboard */,
				29981B72229BCAAF00BD2FDC /* Info.plist */,
			);
			path = VIP;
			sourceTree = "<group>";
		};
		29981B78229BD57600BD2FDC /* Base */ = {
			isa = PBXGroup;
			children = (
				29981B91229BE39000BD2FDC /* VIPTabBarViewController.swift */,
				29981B80229BD76A00BD2FDC /* VIPBaseViewController.swift */,
				29981B82229BD7A200BD2FDC /* VIPTableViewController.swift */,
				29981BA3229D173900BD2FDC /* VIPCollectionViewController.swift */,
				29981B84229BD7F500BD2FDC /* VIPBaseModel.swift */,
				29981BB7229D678300BD2FDC /* VIPNavigationController.swift */,
			);
			path = Base;
			sourceTree = "<group>";
		};
		29981B79229BD58600BD2FDC /* Common */ = {
			isa = PBXGroup;
			children = (
				29981B93229BE4C100BD2FDC /* ConfigurationHeader.swift */,
			);
			path = Common;
			sourceTree = "<group>";
		};
		29981B7A229BD59A00BD2FDC /* Network */ = {
			isa = PBXGroup;
			children = (
			);
			path = Network;
			sourceTree = "<group>";
		};
		29981B7B229BD5A900BD2FDC /* Main */ = {
			isa = PBXGroup;
			children = (
				29FC101C229E717300371D68 /* LoginRegister */,
				29981B7C229BD5C700BD2FDC /* Home */,
				29981B7D229BD5D600BD2FDC /* Find */,
				29981B7F229BD63100BD2FDC /* Quotes */,
				29981B7E229BD5DC00BD2FDC /* My */,
			);
			path = Main;
			sourceTree = "<group>";
		};
		29981B7C229BD5C700BD2FDC /* Home */ = {
			isa = PBXGroup;
			children = (
				29981BA5229D179400BD2FDC /* ViewModel */,
				29981B97229C141700BD2FDC /* ViewController */,
				29981B95229C13FB00BD2FDC /* View */,
				29981B89229BDE3000BD2FDC /* VIPHomeViewController.swift */,
				29981BAD229D477100BD2FDC /* Home.storyboard */,
			);
			path = Home;
			sourceTree = "<group>";
		};
		29981B7D229BD5D600BD2FDC /* Find */ = {
			isa = PBXGroup;
			children = (
				29981B8B229BDE3E00BD2FDC /* VIPFindViewController.swift */,
			);
			path = Find;
			sourceTree = "<group>";
		};
		29981B7E229BD5DC00BD2FDC /* My */ = {
			isa = PBXGroup;
			children = (
				29981BBD229D7E5600BD2FDC /* ViewModel */,
				29981BBC229D7E4B00BD2FDC /* ViewController */,
				29981BBB229D7E4600BD2FDC /* View */,
				29981B8F229BDE6000BD2FDC /* VIPMyViewController.swift */,
				29FC1010229D9E4E00371D68 /* My.storyboard */,
			);
			path = My;
			sourceTree = "<group>";
		};
		29981B7F229BD63100BD2FDC /* Quotes */ = {
			isa = PBXGroup;
			children = (
				29981B8D229BDE5100BD2FDC /* VIPQuotesViewController.swift */,
			);
			path = Quotes;
			sourceTree = "<group>";
		};
		29981B95229C13FB00BD2FDC /* View */ = {
			isa = PBXGroup;
			children = (
				29981BA8229D2A6B00BD2FDC /* Property */,
				29981B98229C147B00BD2FDC /* VIPHomeHeaderCell.swift */,
				29981B99229C147B00BD2FDC /* VIPHomeHeaderCell.xib */,
				29981B9C229C149600BD2FDC /* VIPHomeCell.swift */,
				29981B9D229C149600BD2FDC /* VIPHomeCell.xib */,
			);
			path = View;
			sourceTree = "<group>";
		};
		29981B97229C141700BD2FDC /* ViewController */ = {
			isa = PBXGroup;
			children = (
				29981BA0229CEDC000BD2FDC /* Property */,
			);
			path = ViewController;
			sourceTree = "<group>";
		};
		29981BA0229CEDC000BD2FDC /* Property */ = {
			isa = PBXGroup;
			children = (
				29981BA1229CEDF800BD2FDC /* VIPPropertyViewController.swift */,
				29981BB9229D792F00BD2FDC /* VIPProDetailViewController.swift */,
				29981BB1229D4C2500BD2FDC /* VIPReceiptViewController.swift */,
				29981BB3229D4C3500BD2FDC /* VIPTransferViewController.swift */,
				29981BB5229D4C4600BD2FDC /* VIPExchangeViewController.swift */,
			);
			path = Property;
			sourceTree = "<group>";
		};
		29981BA5229D179400BD2FDC /* ViewModel */ = {
			isa = PBXGroup;
			children = (
				29981BA6229D17C900BD2FDC /* VIPBuyVM.swift */,
			);
			path = ViewModel;
			sourceTree = "<group>";
		};
		29981BA8229D2A6B00BD2FDC /* Property */ = {
			isa = PBXGroup;
			children = (
				29981BA9229D2A9B00BD2FDC /* VIPPropertyCell.swift */,
				29981BAA229D2A9B00BD2FDC /* VIPPropertyCell.xib */,
			);
			path = Property;
			sourceTree = "<group>";
		};
		29981BBB229D7E4600BD2FDC /* View */ = {
			isa = PBXGroup;
			children = (
				29981BBE229D839C00BD2FDC /* VIPMyListCell.swift */,
				29981BBF229D839C00BD2FDC /* VIPMyListCell.xib */,
				29981BC2229D877C00BD2FDC /* VIPMyHeadCell.swift */,
				29981BC3229D877C00BD2FDC /* VIPMyHeadCell.xib */,
				29FC1014229E39DF00371D68 /* VIPSelectCell.swift */,
				29FC1015229E39DF00371D68 /* VIPSelectCell.xib */,
				29FC1018229E45FC00371D68 /* VIPNotificationCell.swift */,
				29FC1019229E45FC00371D68 /* VIPNotificationCell.xib */,
			);
			path = View;
			sourceTree = "<group>";
		};
		29981BBC229D7E4B00BD2FDC /* ViewController */ = {
			isa = PBXGroup;
			children = (
				29981BC6229D98E900BD2FDC /* VIPPromotionViewController.swift */,
				29981BC8229D991B00BD2FDC /* VIPFeedBackViewController.swift */,
				29981BCA229D993400BD2FDC /* VIPAboutUsViewController.swift */,
				29981BCC229D995400BD2FDC /* VIPExportViewController.swift */,
				29981BD0229D99E400BD2FDC /* VIPModifyViewController.swift */,
				29981BCE229D999100BD2FDC /* VIPBackUpViewController.swift */,
				29981BD2229D9A0B00BD2FDC /* VIPNotificationViewController.swift */,
				2987BC7C229D9A6B004CD778 /* VIPSettingViewController.swift */,
				29FC1012229E39A600371D68 /* VIPSafetyViewController.swift */,
				29FC1025229EB80200371D68 /* VIPLanguageViewController.swift */,
			);
			path = ViewController;
			sourceTree = "<group>";
		};
		29981BBD229D7E5600BD2FDC /* ViewModel */ = {
			isa = PBXGroup;
			children = (
			);
			path = ViewModel;
			sourceTree = "<group>";
		};
		29FC101C229E717300371D68 /* LoginRegister */ = {
			isa = PBXGroup;
			children = (
				29FC101D229E71B000371D68 /* VIPLoginViewController.swift */,
				29FC101F229E71C000371D68 /* VIPRegisterViewController.swift */,
				29FC1021229E720900371D68 /* VIPForgetPsdViewController.swift */,
				29FC1023229E722F00371D68 /* Login.storyboard */,
			);
			path = LoginRegister;
			sourceTree = "<group>";
		};
		9278A3ABF33E89F237D93472 /* Pods */ = {
			isa = PBXGroup;
			children = (
				2BB14488727041BD8427E829 /* Pods-VIP.debug.xcconfig */,
				D318FF69CE9DE617810868A0 /* Pods-VIP.release.xcconfig */,
			);
			path = Pods;
			sourceTree = "<group>";
		};
		F526068C3CB8583C2DE70777 /* Frameworks */ = {
			isa = PBXGroup;
			children = (
				A8F8CC149733B2D946F6C078 /* Pods_VIP.framework */,
			);
			name = Frameworks;
			sourceTree = "<group>";
		};
/* End PBXGroup section */

/* Begin PBXNativeTarget section */
		29981B62229BCAAD00BD2FDC /* VIP */ = {
			isa = PBXNativeTarget;
			buildConfigurationList = 29981B75229BCAAF00BD2FDC /* Build configuration list for PBXNativeTarget "VIP" */;
			buildPhases = (
				525B9A8D3F411DACF84AB224 /* [CP] Check Pods Manifest.lock */,
				29981B5F229BCAAD00BD2FDC /* Sources */,
				29981B60229BCAAD00BD2FDC /* Frameworks */,
				29981B61229BCAAD00BD2FDC /* Resources */,
				6D500D13791834BDD86EB462 /* [CP] Embed Pods Frameworks */,
			);
			buildRules = (
			);
			dependencies = (
			);
			name = VIP;
			productName = VIP;
			productReference = 29981B63229BCAAD00BD2FDC /* VIP.app */;
			productType = "com.apple.product-type.application";
		};
/* End PBXNativeTarget section */

/* Begin PBXProject section */
		29981B5B229BCAAD00BD2FDC /* Project object */ = {
			isa = PBXProject;
			attributes = {
				CLASSPREFIX = VIP;
				LastSwiftUpdateCheck = 1020;
				LastUpgradeCheck = 1020;
				ORGANIZATIONNAME = "飞亦";
				TargetAttributes = {
					29981B62229BCAAD00BD2FDC = {
						CreatedOnToolsVersion = 10.2;
					};
				};
			};
			buildConfigurationList = 29981B5E229BCAAD00BD2FDC /* Build configuration list for PBXProject "VIP" */;
			compatibilityVersion = "Xcode 9.3";
			developmentRegion = en;
			hasScannedForEncodings = 0;
			knownRegions = (
				en,
				Base,
			);
			mainGroup = 29981B5A229BCAAD00BD2FDC;
			productRefGroup = 29981B64229BCAAD00BD2FDC /* Products */;
			projectDirPath = "";
			projectRoot = "";
			targets = (
				29981B62229BCAAD00BD2FDC /* VIP */,
			);
		};
/* End PBXProject section */

/* Begin PBXResourcesBuildPhase section */
		29981B61229BCAAD00BD2FDC /* Resources */ = {
			isa = PBXResourcesBuildPhase;
			buildActionMask = 2147483647;
			files = (
				29981BAE229D477100BD2FDC /* Home.storyboard in Resources */,
				29981BC5229D877C00BD2FDC /* VIPMyHeadCell.xib in Resources */,
				29981B71229BCAAF00BD2FDC /* LaunchScreen.storyboard in Resources */,
				29981BC1229D839C00BD2FDC /* VIPMyListCell.xib in Resources */,
				29FC1017229E39DF00371D68 /* VIPSelectCell.xib in Resources */,
				29981B6E229BCAAF00BD2FDC /* Assets.xcassets in Resources */,
				29981B9F229C149600BD2FDC /* VIPHomeCell.xib in Resources */,
				29FC1029229EC01400371D68 /* Main.storyboard in Resources */,
				29981BAC229D2A9B00BD2FDC /* VIPPropertyCell.xib in Resources */,
				29FC1011229D9E4E00371D68 /* My.storyboard in Resources */,
				29FC101B229E45FC00371D68 /* VIPNotificationCell.xib in Resources */,
				29981B9B229C147B00BD2FDC /* VIPHomeHeaderCell.xib in Resources */,
				29FC1024229E722F00371D68 /* Login.storyboard in Resources */,
			);
			runOnlyForDeploymentPostprocessing = 0;
		};
/* End PBXResourcesBuildPhase section */

/* Begin PBXShellScriptBuildPhase section */
		525B9A8D3F411DACF84AB224 /* [CP] Check Pods Manifest.lock */ = {
			isa = PBXShellScriptBuildPhase;
			buildActionMask = 2147483647;
			files = (
			);
			inputFileListPaths = (
			);
			inputPaths = (
				"${PODS_PODFILE_DIR_PATH}/Podfile.lock",
				"${PODS_ROOT}/Manifest.lock",
			);
			name = "[CP] Check Pods Manifest.lock";
			outputFileListPaths = (
			);
			outputPaths = (
				"$(DERIVED_FILE_DIR)/Pods-VIP-checkManifestLockResult.txt",
			);
			runOnlyForDeploymentPostprocessing = 0;
			shellPath = /bin/sh;
			shellScript = "diff \"${PODS_PODFILE_DIR_PATH}/Podfile.lock\" \"${PODS_ROOT}/Manifest.lock\" > /dev/null\nif [ $? != 0 ] ; then\n    # print error to STDERR\n    echo \"error: The sandbox is not in sync with the Podfile.lock. Run 'pod install' or update your CocoaPods installation.\" >&2\n    exit 1\nfi\n# This output is used by Xcode 'outputs' to avoid re-running this script phase.\necho \"SUCCESS\" > \"${SCRIPT_OUTPUT_FILE_0}\"\n";
			showEnvVarsInLog = 0;
		};
		6D500D13791834BDD86EB462 /* [CP] Embed Pods Frameworks */ = {
			isa = PBXShellScriptBuildPhase;
			buildActionMask = 2147483647;
			files = (
			);
			inputFileListPaths = (
			);
			inputPaths = (
				"${PODS_ROOT}/Target Support Files/Pods-VIP/Pods-VIP-frameworks.sh",
				"${BUILT_PRODUCTS_DIR}/AFNetworking/AFNetworking.framework",
				"${BUILT_PRODUCTS_DIR}/FMDB/FMDB.framework",
				"${BUILT_PRODUCTS_DIR}/JXFMDBHelper/JXFMDBHelper.framework",
				"${BUILT_PRODUCTS_DIR}/JXFoundation/JXFoundation.framework",
				"${BUILT_PRODUCTS_DIR}/JX_AFNetworking/JX_AFNetworking.framework",
				"${BUILT_PRODUCTS_DIR}/MBProgressHUD/MBProgressHUD.framework",
				"${BUILT_PRODUCTS_DIR}/MJRefresh/MJRefresh.framework",
				"${BUILT_PRODUCTS_DIR}/SDWebImage/SDWebImage.framework",
			);
			name = "[CP] Embed Pods Frameworks";
			outputFileListPaths = (
			);
			outputPaths = (
				"${TARGET_BUILD_DIR}/${FRAMEWORKS_FOLDER_PATH}/AFNetworking.framework",
				"${TARGET_BUILD_DIR}/${FRAMEWORKS_FOLDER_PATH}/FMDB.framework",
				"${TARGET_BUILD_DIR}/${FRAMEWORKS_FOLDER_PATH}/JXFMDBHelper.framework",
				"${TARGET_BUILD_DIR}/${FRAMEWORKS_FOLDER_PATH}/JXFoundation.framework",
				"${TARGET_BUILD_DIR}/${FRAMEWORKS_FOLDER_PATH}/JX_AFNetworking.framework",
				"${TARGET_BUILD_DIR}/${FRAMEWORKS_FOLDER_PATH}/MBProgressHUD.framework",
				"${TARGET_BUILD_DIR}/${FRAMEWORKS_FOLDER_PATH}/MJRefresh.framework",
				"${TARGET_BUILD_DIR}/${FRAMEWORKS_FOLDER_PATH}/SDWebImage.framework",
			);
			runOnlyForDeploymentPostprocessing = 0;
			shellPath = /bin/sh;
			shellScript = "\"${PODS_ROOT}/Target Support Files/Pods-VIP/Pods-VIP-frameworks.sh\"\n";
			showEnvVarsInLog = 0;
		};
/* End PBXShellScriptBuildPhase section */

/* Begin PBXSourcesBuildPhase section */
		29981B5F229BCAAD00BD2FDC /* Sources */ = {
			isa = PBXSourcesBuildPhase;
			buildActionMask = 2147483647;
			files = (
				29981BD3229D9A0B00BD2FDC /* VIPNotificationViewController.swift in Sources */,
				29981BCD229D995400BD2FDC /* VIPExportViewController.swift in Sources */,
				29FC1022229E720900371D68 /* VIPForgetPsdViewController.swift in Sources */,
				29981B69229BCAAD00BD2FDC /* ViewController.swift in Sources */,
				29981BAB229D2A9B00BD2FDC /* VIPPropertyCell.swift in Sources */,
				29981B8C229BDE3E00BD2FDC /* VIPFindViewController.swift in Sources */,
				29FC101A229E45FC00371D68 /* VIPNotificationCell.swift in Sources */,
				2987BC7D229D9A6B004CD778 /* VIPSettingViewController.swift in Sources */,
				29981BC0229D839C00BD2FDC /* VIPMyListCell.swift in Sources */,
				29981B92229BE39000BD2FDC /* VIPTabBarViewController.swift in Sources */,
				29FC1013229E39A600371D68 /* VIPSafetyViewController.swift in Sources */,
				29981B9A229C147B00BD2FDC /* VIPHomeHeaderCell.swift in Sources */,
				29FC1020229E71C000371D68 /* VIPRegisterViewController.swift in Sources */,
				29981BB2229D4C2500BD2FDC /* VIPReceiptViewController.swift in Sources */,
				29981B85229BD7F600BD2FDC /* VIPBaseModel.swift in Sources */,
				29981B83229BD7A200BD2FDC /* VIPTableViewController.swift in Sources */,
				29FC1016229E39DF00371D68 /* VIPSelectCell.swift in Sources */,
				29FC1026229EB80200371D68 /* VIPLanguageViewController.swift in Sources */,
				29981BD1229D99E500BD2FDC /* VIPModifyViewController.swift in Sources */,
				29981BBA229D792F00BD2FDC /* VIPProDetailViewController.swift in Sources */,
				29981B94229BE4C100BD2FDC /* ConfigurationHeader.swift in Sources */,
				29981BB8229D678300BD2FDC /* VIPNavigationController.swift in Sources */,
				29981BA2229CEDF800BD2FDC /* VIPPropertyViewController.swift in Sources */,
				29981B9E229C149600BD2FDC /* VIPHomeCell.swift in Sources */,
				29981BCB229D993400BD2FDC /* VIPAboutUsViewController.swift in Sources */,
				29FC101E229E71B000371D68 /* VIPLoginViewController.swift in Sources */,
				29981BC7229D98E900BD2FDC /* VIPPromotionViewController.swift in Sources */,
				29981BCF229D999100BD2FDC /* VIPBackUpViewController.swift in Sources */,
				29981B90229BDE6000BD2FDC /* VIPMyViewController.swift in Sources */,
				29981BB4229D4C3500BD2FDC /* VIPTransferViewController.swift in Sources */,
				29981BC9229D991B00BD2FDC /* VIPFeedBackViewController.swift in Sources */,
				29981BA4229D173900BD2FDC /* VIPCollectionViewController.swift in Sources */,
				29981BA7229D17C900BD2FDC /* VIPBuyVM.swift in Sources */,
				29981BB6229D4C4600BD2FDC /* VIPExchangeViewController.swift in Sources */,
				29981B81229BD76A00BD2FDC /* VIPBaseViewController.swift in Sources */,
				29981B67229BCAAD00BD2FDC /* AppDelegate.swift in Sources */,
				29981BC4229D877C00BD2FDC /* VIPMyHeadCell.swift in Sources */,
				29981B8A229BDE3000BD2FDC /* VIPHomeViewController.swift in Sources */,
				29981B8E229BDE5100BD2FDC /* VIPQuotesViewController.swift in Sources */,
			);
			runOnlyForDeploymentPostprocessing = 0;
		};
/* End PBXSourcesBuildPhase section */

/* Begin PBXVariantGroup section */
		29981B6F229BCAAF00BD2FDC /* LaunchScreen.storyboard */ = {
			isa = PBXVariantGroup;
			children = (
				29981B70229BCAAF00BD2FDC /* Base */,
			);
			name = LaunchScreen.storyboard;
			sourceTree = "<group>";
		};
		29FC1027229EC01300371D68 /* Main.storyboard */ = {
			isa = PBXVariantGroup;
			children = (
				29FC1028229EC01300371D68 /* Base */,
			);
			name = Main.storyboard;
			sourceTree = "<group>";
		};
/* End PBXVariantGroup section */

/* Begin XCBuildConfiguration section */
		29981B73229BCAAF00BD2FDC /* Debug */ = {
			isa = XCBuildConfiguration;
			buildSettings = {
				ALWAYS_SEARCH_USER_PATHS = NO;
				CLANG_ANALYZER_NONNULL = YES;
				CLANG_ANALYZER_NUMBER_OBJECT_CONVERSION = YES_AGGRESSIVE;
				CLANG_CXX_LANGUAGE_STANDARD = "gnu++14";
				CLANG_CXX_LIBRARY = "libc++";
				CLANG_ENABLE_MODULES = YES;
				CLANG_ENABLE_OBJC_ARC = YES;
				CLANG_ENABLE_OBJC_WEAK = YES;
				CLANG_WARN_BLOCK_CAPTURE_AUTORELEASING = YES;
				CLANG_WARN_BOOL_CONVERSION = YES;
				CLANG_WARN_COMMA = YES;
				CLANG_WARN_CONSTANT_CONVERSION = YES;
				CLANG_WARN_DEPRECATED_OBJC_IMPLEMENTATIONS = YES;
				CLANG_WARN_DIRECT_OBJC_ISA_USAGE = YES_ERROR;
				CLANG_WARN_DOCUMENTATION_COMMENTS = YES;
				CLANG_WARN_EMPTY_BODY = YES;
				CLANG_WARN_ENUM_CONVERSION = YES;
				CLANG_WARN_INFINITE_RECURSION = YES;
				CLANG_WARN_INT_CONVERSION = YES;
				CLANG_WARN_NON_LITERAL_NULL_CONVERSION = YES;
				CLANG_WARN_OBJC_IMPLICIT_RETAIN_SELF = YES;
				CLANG_WARN_OBJC_LITERAL_CONVERSION = YES;
				CLANG_WARN_OBJC_ROOT_CLASS = YES_ERROR;
				CLANG_WARN_RANGE_LOOP_ANALYSIS = YES;
				CLANG_WARN_STRICT_PROTOTYPES = YES;
				CLANG_WARN_SUSPICIOUS_MOVE = YES;
				CLANG_WARN_UNGUARDED_AVAILABILITY = YES_AGGRESSIVE;
				CLANG_WARN_UNREACHABLE_CODE = YES;
				CLANG_WARN__DUPLICATE_METHOD_MATCH = YES;
				CODE_SIGN_IDENTITY = "iPhone Developer";
				COPY_PHASE_STRIP = NO;
				DEBUG_INFORMATION_FORMAT = dwarf;
				ENABLE_STRICT_OBJC_MSGSEND = YES;
				ENABLE_TESTABILITY = YES;
				GCC_C_LANGUAGE_STANDARD = gnu11;
				GCC_DYNAMIC_NO_PIC = NO;
				GCC_NO_COMMON_BLOCKS = YES;
				GCC_OPTIMIZATION_LEVEL = 0;
				GCC_PREPROCESSOR_DEFINITIONS = (
					"DEBUG=1",
					"$(inherited)",
				);
				GCC_WARN_64_TO_32_BIT_CONVERSION = YES;
				GCC_WARN_ABOUT_RETURN_TYPE = YES_ERROR;
				GCC_WARN_UNDECLARED_SELECTOR = YES;
				GCC_WARN_UNINITIALIZED_AUTOS = YES_AGGRESSIVE;
				GCC_WARN_UNUSED_FUNCTION = YES;
				GCC_WARN_UNUSED_VARIABLE = YES;
				IPHONEOS_DEPLOYMENT_TARGET = 12.2;
				MTL_ENABLE_DEBUG_INFO = INCLUDE_SOURCE;
				MTL_FAST_MATH = YES;
				ONLY_ACTIVE_ARCH = YES;
				SDKROOT = iphoneos;
				SWIFT_ACTIVE_COMPILATION_CONDITIONS = DEBUG;
				SWIFT_OPTIMIZATION_LEVEL = "-Onone";
			};
			name = Debug;
		};
		29981B74229BCAAF00BD2FDC /* Release */ = {
			isa = XCBuildConfiguration;
			buildSettings = {
				ALWAYS_SEARCH_USER_PATHS = NO;
				CLANG_ANALYZER_NONNULL = YES;
				CLANG_ANALYZER_NUMBER_OBJECT_CONVERSION = YES_AGGRESSIVE;
				CLANG_CXX_LANGUAGE_STANDARD = "gnu++14";
				CLANG_CXX_LIBRARY = "libc++";
				CLANG_ENABLE_MODULES = YES;
				CLANG_ENABLE_OBJC_ARC = YES;
				CLANG_ENABLE_OBJC_WEAK = YES;
				CLANG_WARN_BLOCK_CAPTURE_AUTORELEASING = YES;
				CLANG_WARN_BOOL_CONVERSION = YES;
				CLANG_WARN_COMMA = YES;
				CLANG_WARN_CONSTANT_CONVERSION = YES;
				CLANG_WARN_DEPRECATED_OBJC_IMPLEMENTATIONS = YES;
				CLANG_WARN_DIRECT_OBJC_ISA_USAGE = YES_ERROR;
				CLANG_WARN_DOCUMENTATION_COMMENTS = YES;
				CLANG_WARN_EMPTY_BODY = YES;
				CLANG_WARN_ENUM_CONVERSION = YES;
				CLANG_WARN_INFINITE_RECURSION = YES;
				CLANG_WARN_INT_CONVERSION = YES;
				CLANG_WARN_NON_LITERAL_NULL_CONVERSION = YES;
				CLANG_WARN_OBJC_IMPLICIT_RETAIN_SELF = YES;
				CLANG_WARN_OBJC_LITERAL_CONVERSION = YES;
				CLANG_WARN_OBJC_ROOT_CLASS = YES_ERROR;
				CLANG_WARN_RANGE_LOOP_ANALYSIS = YES;
				CLANG_WARN_STRICT_PROTOTYPES = YES;
				CLANG_WARN_SUSPICIOUS_MOVE = YES;
				CLANG_WARN_UNGUARDED_AVAILABILITY = YES_AGGRESSIVE;
				CLANG_WARN_UNREACHABLE_CODE = YES;
				CLANG_WARN__DUPLICATE_METHOD_MATCH = YES;
				CODE_SIGN_IDENTITY = "iPhone Developer";
				COPY_PHASE_STRIP = NO;
				DEBUG_INFORMATION_FORMAT = "dwarf-with-dsym";
				ENABLE_NS_ASSERTIONS = NO;
				ENABLE_STRICT_OBJC_MSGSEND = YES;
				GCC_C_LANGUAGE_STANDARD = gnu11;
				GCC_NO_COMMON_BLOCKS = YES;
				GCC_WARN_64_TO_32_BIT_CONVERSION = YES;
				GCC_WARN_ABOUT_RETURN_TYPE = YES_ERROR;
				GCC_WARN_UNDECLARED_SELECTOR = YES;
				GCC_WARN_UNINITIALIZED_AUTOS = YES_AGGRESSIVE;
				GCC_WARN_UNUSED_FUNCTION = YES;
				GCC_WARN_UNUSED_VARIABLE = YES;
				IPHONEOS_DEPLOYMENT_TARGET = 12.2;
				MTL_ENABLE_DEBUG_INFO = NO;
				MTL_FAST_MATH = YES;
				SDKROOT = iphoneos;
				SWIFT_COMPILATION_MODE = wholemodule;
				SWIFT_OPTIMIZATION_LEVEL = "-O";
				VALIDATE_PRODUCT = YES;
			};
			name = Release;
		};
		29981B76229BCAAF00BD2FDC /* Debug */ = {
			isa = XCBuildConfiguration;
			baseConfigurationReference = 2BB14488727041BD8427E829 /* Pods-VIP.debug.xcconfig */;
			buildSettings = {
				ASSETCATALOG_COMPILER_APPICON_NAME = AppIcon;
				CODE_SIGN_STYLE = Automatic;
				INFOPLIST_FILE = VIP/Info.plist;
				LD_RUNPATH_SEARCH_PATHS = (
					"$(inherited)",
					"@executable_path/Frameworks",
				);
				PRODUCT_BUNDLE_IDENTIFIER = VIP.VIP;
				PRODUCT_NAME = "$(TARGET_NAME)";
				SWIFT_VERSION = 5.0;
				TARGETED_DEVICE_FAMILY = "1,2";
			};
			name = Debug;
		};
		29981B77229BCAAF00BD2FDC /* Release */ = {
			isa = XCBuildConfiguration;
			baseConfigurationReference = D318FF69CE9DE617810868A0 /* Pods-VIP.release.xcconfig */;
			buildSettings = {
				ASSETCATALOG_COMPILER_APPICON_NAME = AppIcon;
				CODE_SIGN_STYLE = Automatic;
				INFOPLIST_FILE = VIP/Info.plist;
				LD_RUNPATH_SEARCH_PATHS = (
					"$(inherited)",
					"@executable_path/Frameworks",
				);
				PRODUCT_BUNDLE_IDENTIFIER = VIP.VIP;
				PRODUCT_NAME = "$(TARGET_NAME)";
				SWIFT_VERSION = 5.0;
				TARGETED_DEVICE_FAMILY = "1,2";
			};
			name = Release;
		};
/* End XCBuildConfiguration section */

/* Begin XCConfigurationList section */
		29981B5E229BCAAD00BD2FDC /* Build configuration list for PBXProject "VIP" */ = {
			isa = XCConfigurationList;
			buildConfigurations = (
				29981B73229BCAAF00BD2FDC /* Debug */,
				29981B74229BCAAF00BD2FDC /* Release */,
			);
			defaultConfigurationIsVisible = 0;
			defaultConfigurationName = Release;
		};
		29981B75229BCAAF00BD2FDC /* Build configuration list for PBXNativeTarget "VIP" */ = {
			isa = XCConfigurationList;
			buildConfigurations = (
				29981B76229BCAAF00BD2FDC /* Debug */,
				29981B77229BCAAF00BD2FDC /* Release */,
			);
			defaultConfigurationIsVisible = 0;
			defaultConfigurationName = Release;
		};
/* End XCConfigurationList section */
	};
	rootObject = 29981B5B229BCAAD00BD2FDC /* Project object */;
}
